// !$*UTF8*$!
{
	archiveVersion = 1;
	classes = {
	};
	objectVersion = 46;
	objects = {

/* Begin PBXBuildFile section */
		92256E4C140255930070F2F8 /* EFKeyChain.h in Headers */ = {isa = PBXBuildFile; fileRef = 92256E4A140255930070F2F8 /* EFKeyChain.h */; };
		92256E4D140255930070F2F8 /* EFKeyChain.m in Sources */ = {isa = PBXBuildFile; fileRef = 92256E4B140255930070F2F8 /* EFKeyChain.m */; };
		922C195413F7250E00C46B8A /* EFDateFactory.h in Headers */ = {isa = PBXBuildFile; fileRef = 922C195013F7250E00C46B8A /* EFDateFactory.h */; };
		922C195513F7250E00C46B8A /* EFDateFactory.m in Sources */ = {isa = PBXBuildFile; fileRef = 922C195113F7250E00C46B8A /* EFDateFactory.m */; };
		922C195613F7250E00C46B8A /* EFDay.h in Headers */ = {isa = PBXBuildFile; fileRef = 922C195213F7250E00C46B8A /* EFDay.h */; };
		922C195713F7250E00C46B8A /* EFDay.m in Sources */ = {isa = PBXBuildFile; fileRef = 922C195313F7250E00C46B8A /* EFDay.m */; };
		923CDD7A123A8CC300247AD5 /* EFDownload.h in Headers */ = {isa = PBXBuildFile; fileRef = 923CDD74123A8CC300247AD5 /* EFDownload.h */; };
		923CDD7B123A8CC300247AD5 /* EFDownload.m in Sources */ = {isa = PBXBuildFile; fileRef = 923CDD75123A8CC300247AD5 /* EFDownload.m */; };
		923CDD7C123A8CC300247AD5 /* EFQueue.h in Headers */ = {isa = PBXBuildFile; fileRef = 923CDD76123A8CC300247AD5 /* EFQueue.h */; };
		923CDD7D123A8CC300247AD5 /* EFQueue.m in Sources */ = {isa = PBXBuildFile; fileRef = 923CDD77123A8CC300247AD5 /* EFQueue.m */; };
		923CDD7E123A8CC300247AD5 /* EFNibViewController.h in Headers */ = {isa = PBXBuildFile; fileRef = 923CDD78123A8CC300247AD5 /* EFNibViewController.h */; };
		923CDD7F123A8CC300247AD5 /* EFNibViewController.m in Sources */ = {isa = PBXBuildFile; fileRef = 923CDD79123A8CC300247AD5 /* EFNibViewController.m */; };
		923CDDA8123A8F0A00247AD5 /* EFReachability.h in Headers */ = {isa = PBXBuildFile; fileRef = 923CDDA6123A8F0A00247AD5 /* EFReachability.h */; };
		923CDDA9123A8F0A00247AD5 /* EFReachability.m in Sources */ = {isa = PBXBuildFile; fileRef = 923CDDA7123A8F0A00247AD5 /* EFReachability.m */; };
		923CDE2B123A963900247AD5 /* SystemConfiguration.framework in Frameworks */ = {isa = PBXBuildFile; fileRef = 923CDE2A123A963800247AD5 /* SystemConfiguration.framework */; };
		925AA54D141284D200F63093 /* EFError.m in Sources */ = {isa = PBXBuildFile; fileRef = 925AA54C141284D200F63093 /* EFError.m */; };
		925FBFA11415714B00C45B3B /* UIViewController+Utils.h in Headers */ = {isa = PBXBuildFile; fileRef = 925FBF9F1415714B00C45B3B /* UIViewController+Utils.h */; };
		925FBFA21415714B00C45B3B /* UIViewController+Utils.m in Sources */ = {isa = PBXBuildFile; fileRef = 925FBFA01415714B00C45B3B /* UIViewController+Utils.m */; };
		92A300B113FBCAAD001BC6FA /* EFError.h in Headers */ = {isa = PBXBuildFile; fileRef = 92A300B013FBCAAD001BC6FA /* EFError.h */; };
		92BFFA9713F952E2002D37A4 /* EFServiceContainer.h in Headers */ = {isa = PBXBuildFile; fileRef = 92BFFA9513F952E2002D37A4 /* EFServiceContainer.h */; };
		92BFFA9813F952E2002D37A4 /* EFServiceContainer.m in Sources */ = {isa = PBXBuildFile; fileRef = 92BFFA9613F952E2002D37A4 /* EFServiceContainer.m */; };
		9F25DD18145730C1000E7B48 /* EFAlertView.h in Headers */ = {isa = PBXBuildFile; fileRef = 9F25DD16145730C1000E7B48 /* EFAlertView.h */; };
		9F25DD19145730C1000E7B48 /* EFAlertView.m in Sources */ = {isa = PBXBuildFile; fileRef = 9F25DD17145730C1000E7B48 /* EFAlertView.m */; };
		9FC1ADA8145F0C28005786F5 /* UILabel+VerticalAlignment.h in Headers */ = {isa = PBXBuildFile; fileRef = 9FC1ADA6145F0C28005786F5 /* UILabel+VerticalAlignment.h */; };
		9FC1ADA9145F0C28005786F5 /* UILabel+VerticalAlignment.m in Sources */ = {isa = PBXBuildFile; fileRef = 9FC1ADA7145F0C28005786F5 /* UILabel+VerticalAlignment.m */; };
		9FFA358814AB36A900507AEB /* EFServiceContainer-Protected.h in Headers */ = {isa = PBXBuildFile; fileRef = 9FFA358714AB36A900507AEB /* EFServiceContainer-Protected.h */; };
		C75D582B140510C1007E7B17 /* EFImageCache.h in Headers */ = {isa = PBXBuildFile; fileRef = C75D5827140510C1007E7B17 /* EFImageCache.h */; };
		C75D582C140510C1007E7B17 /* EFImageCache.m in Sources */ = {isa = PBXBuildFile; fileRef = C75D5828140510C1007E7B17 /* EFImageCache.m */; };
		C75D582D140510C1007E7B17 /* UIImageView+URL.h in Headers */ = {isa = PBXBuildFile; fileRef = C75D5829140510C1007E7B17 /* UIImageView+URL.h */; };
		C75D582E140510C1007E7B17 /* UIImageView+URL.m in Sources */ = {isa = PBXBuildFile; fileRef = C75D582A140510C1007E7B17 /* UIImageView+URL.m */; };
		C786497E14205FC300DB0DB7 /* EFRichTextView.h in Headers */ = {isa = PBXBuildFile; fileRef = C786497A14205FC300DB0DB7 /* EFRichTextView.h */; };
		C786497F14205FC300DB0DB7 /* EFRichTextView.m in Sources */ = {isa = PBXBuildFile; fileRef = C786497B14205FC300DB0DB7 /* EFRichTextView.m */; };
		C786498014205FC300DB0DB7 /* NSMutableAttributedString+Convenience.h in Headers */ = {isa = PBXBuildFile; fileRef = C786497C14205FC300DB0DB7 /* NSMutableAttributedString+Convenience.h */; };
		C786498114205FC300DB0DB7 /* NSMutableAttributedString+Convenience.m in Sources */ = {isa = PBXBuildFile; fileRef = C786497D14205FC300DB0DB7 /* NSMutableAttributedString+Convenience.m */; };
		C7955A8C153E91CE00971465 /* UIKit.framework in Frameworks */ = {isa = PBXBuildFile; fileRef = D06F7B07138537B1003B5A31 /* UIKit.framework */; };
		C7955A8D153E91CE00971465 /* Foundation.framework in Frameworks */ = {isa = PBXBuildFile; fileRef = D067DCF211FB130E0047EFAA /* Foundation.framework */; };
		C7955A93153E91CE00971465 /* InfoPlist.strings in Resources */ = {isa = PBXBuildFile; fileRef = C7955A91153E91CE00971465 /* InfoPlist.strings */; };
		C7955A9F153E922600971465 /* EFDayTests.m in Sources */ = {isa = PBXBuildFile; fileRef = C7955A9E153E922600971465 /* EFDayTests.m */; };
		C7955AA3153E935400971465 /* libKiwi.a in Frameworks */ = {isa = PBXBuildFile; fileRef = C7955AA2153E935400971465 /* libKiwi.a */; };
		C7955AA5153E945C00971465 /* SenTestingKit.framework in Frameworks */ = {isa = PBXBuildFile; fileRef = C7955AA4153E945C00971465 /* SenTestingKit.framework */; };
		C7955AB1153E99BE00971465 /* libEgeniq.a in Frameworks */ = {isa = PBXBuildFile; fileRef = D067DCF011FB130E0047EFAA /* libEgeniq.a */; };
		C7955AB2153E99F800971465 /* CoreData.framework in Frameworks */ = {isa = PBXBuildFile; fileRef = D089C6001327D629000A54F5 /* CoreData.framework */; };
		C7955AB3153E99F800971465 /* CoreText.framework in Frameworks */ = {isa = PBXBuildFile; fileRef = C7D0CF90142876D8003E9562 /* CoreText.framework */; };
		C7955AB4153E99F800971465 /* QuartzCore.framework in Frameworks */ = {isa = PBXBuildFile; fileRef = D06F7B04138537A1003B5A31 /* QuartzCore.framework */; };
		C7955AB6153E99F800971465 /* SystemConfiguration.framework in Frameworks */ = {isa = PBXBuildFile; fileRef = 923CDE2A123A963800247AD5 /* SystemConfiguration.framework */; };
		C7955AB7153E9A7300971465 /* Security.framework in Frameworks */ = {isa = PBXBuildFile; fileRef = C7D0CF93142876E3003E9562 /* Security.framework */; };
		C7955AB9153E9AAF00971465 /* CoreGraphics.framework in Frameworks */ = {isa = PBXBuildFile; fileRef = C7955AB8153E9AAF00971465 /* CoreGraphics.framework */; };
		C7955AC7153EAC2D00971465 /* NSString+Utilities.h in Headers */ = {isa = PBXBuildFile; fileRef = C7955AC5153EAC2D00971465 /* NSString+Utilities.h */; };
		C7955AC8153EAC2D00971465 /* NSString+Utilities.m in Sources */ = {isa = PBXBuildFile; fileRef = C7955AC6153EAC2D00971465 /* NSString+Utilities.m */; };
		C7955ACA153EACD800971465 /* NSString+UtilitiesTests.m in Sources */ = {isa = PBXBuildFile; fileRef = C7955AC9153EACD800971465 /* NSString+UtilitiesTests.m */; };
		C7955ACD153EB8AD00971465 /* EFPlainWebView.h in Headers */ = {isa = PBXBuildFile; fileRef = C7955ACB153EB8AD00971465 /* EFPlainWebView.h */; };
		C7955ACE153EB8AD00971465 /* EFPlainWebView.m in Sources */ = {isa = PBXBuildFile; fileRef = C7955ACC153EB8AD00971465 /* EFPlainWebView.m */; };
		C7D0CF91142876D8003E9562 /* CoreText.framework in Frameworks */ = {isa = PBXBuildFile; fileRef = C7D0CF90142876D8003E9562 /* CoreText.framework */; };
		C7F7279E15452E3D0067B4F7 /* EFButtonsTableViewCell.h in Headers */ = {isa = PBXBuildFile; fileRef = C7F7279A15452E3D0067B4F7 /* EFButtonsTableViewCell.h */; };
		C7F7279F15452E3D0067B4F7 /* EFButtonsTableViewCell.m in Sources */ = {isa = PBXBuildFile; fileRef = C7F7279B15452E3D0067B4F7 /* EFButtonsTableViewCell.m */; };
		C7F727A015452E3D0067B4F7 /* EFTextFieldTableViewCell.h in Headers */ = {isa = PBXBuildFile; fileRef = C7F7279C15452E3D0067B4F7 /* EFTextFieldTableViewCell.h */; };
		C7F727A115452E3D0067B4F7 /* EFTextFieldTableViewCell.m in Sources */ = {isa = PBXBuildFile; fileRef = C7F7279D15452E3D0067B4F7 /* EFTextFieldTableViewCell.m */; };
		C7F727C51545392E0067B4F7 /* UIKit.framework in Frameworks */ = {isa = PBXBuildFile; fileRef = D06F7B07138537B1003B5A31 /* UIKit.framework */; };
		C7F727C61545392E0067B4F7 /* Foundation.framework in Frameworks */ = {isa = PBXBuildFile; fileRef = D067DCF211FB130E0047EFAA /* Foundation.framework */; };
		C7F727C71545392E0067B4F7 /* CoreGraphics.framework in Frameworks */ = {isa = PBXBuildFile; fileRef = C7955AB8153E9AAF00971465 /* CoreGraphics.framework */; };
		C7F727CD1545392E0067B4F7 /* InfoPlist.strings in Resources */ = {isa = PBXBuildFile; fileRef = C7F727CB1545392E0067B4F7 /* InfoPlist.strings */; };
		C7F727CF1545392E0067B4F7 /* main.m in Sources */ = {isa = PBXBuildFile; fileRef = C7F727CE1545392E0067B4F7 /* main.m */; };
		C7F727D31545392E0067B4F7 /* AppDelegate.m in Sources */ = {isa = PBXBuildFile; fileRef = C7F727D21545392E0067B4F7 /* AppDelegate.m */; };
		C7F727DB1545394E0067B4F7 /* LoginViewController.xib in Resources */ = {isa = PBXBuildFile; fileRef = C7F727D81545394E0067B4F7 /* LoginViewController.xib */; };
		C7F727DC1545394E0067B4F7 /* LoginViewController.m in Sources */ = {isa = PBXBuildFile; fileRef = C7F727DA1545394E0067B4F7 /* LoginViewController.m */; };
		C7F727E315453B070067B4F7 /* EFButtonsTableViewCell.m in Sources */ = {isa = PBXBuildFile; fileRef = C7F7279B15452E3D0067B4F7 /* EFButtonsTableViewCell.m */; settings = {COMPILER_FLAGS = "-fno-objc-arc"; }; };
		C7F727E415453B090067B4F7 /* EFTextFieldTableViewCell.m in Sources */ = {isa = PBXBuildFile; fileRef = C7F7279D15452E3D0067B4F7 /* EFTextFieldTableViewCell.m */; settings = {COMPILER_FLAGS = "-fno-objc-arc"; }; };
		C7F727EA15453C410067B4F7 /* MainViewController.m in Sources */ = {isa = PBXBuildFile; fileRef = C7F727E815453C410067B4F7 /* MainViewController.m */; };
		C7F727EB15453C410067B4F7 /* MainViewController.xib in Resources */ = {isa = PBXBuildFile; fileRef = C7F727E915453C410067B4F7 /* MainViewController.xib */; };
		D011F501120C827700A07E28 /* EFImageViewDataSource.h in Headers */ = {isa = PBXBuildFile; fileRef = D011F500120C827700A07E28 /* EFImageViewDataSource.h */; };
		D011F503120C839000A07E28 /* EFImageViewDelegate.h in Headers */ = {isa = PBXBuildFile; fileRef = D011F502120C839000A07E28 /* EFImageViewDelegate.h */; };
		D011F505120C85E400A07E28 /* EFImage.h in Headers */ = {isa = PBXBuildFile; fileRef = D011F504120C85E400A07E28 /* EFImage.h */; };
		D02372D2132911D800B77A44 /* EFSettingsView.h in Headers */ = {isa = PBXBuildFile; fileRef = D02372D0132911D800B77A44 /* EFSettingsView.h */; };
		D02372D3132911D800B77A44 /* EFSettingsView.m in Sources */ = {isa = PBXBuildFile; fileRef = D02372D1132911D800B77A44 /* EFSettingsView.m */; };
		D02372DB132925B500B77A44 /* EFSettingsViewModel.h in Headers */ = {isa = PBXBuildFile; fileRef = D02372D9132925AC00B77A44 /* EFSettingsViewModel.h */; };
		D02372DC132925B500B77A44 /* EFSettingsViewModel.m in Sources */ = {isa = PBXBuildFile; fileRef = D02372DA132925B200B77A44 /* EFSettingsViewModel.m */; };
		D023E583123EA0B800389738 /* EFImageTableView.h in Headers */ = {isa = PBXBuildFile; fileRef = D023E581123EA0B800389738 /* EFImageTableView.h */; };
		D023E584123EA0B800389738 /* EFImageTableView.m in Sources */ = {isa = PBXBuildFile; fileRef = D023E582123EA0B800389738 /* EFImageTableView.m */; };
		D03265BB129D427C004143A3 /* EFSpecifierCell.h in Headers */ = {isa = PBXBuildFile; fileRef = D03265B1129D427C004143A3 /* EFSpecifierCell.h */; };
		D03265BC129D427C004143A3 /* EFSpecifierCell.m in Sources */ = {isa = PBXBuildFile; fileRef = D03265B2129D427C004143A3 /* EFSpecifierCell.m */; };
		D03265BD129D427C004143A3 /* EFTextFieldSpecifierCell.h in Headers */ = {isa = PBXBuildFile; fileRef = D03265B3129D427C004143A3 /* EFTextFieldSpecifierCell.h */; };
		D03265BE129D427C004143A3 /* EFTextFieldSpecifierCell.m in Sources */ = {isa = PBXBuildFile; fileRef = D03265B4129D427C004143A3 /* EFTextFieldSpecifierCell.m */; };
		D03265BF129D427C004143A3 /* EFToggleSwitchSpecifierCell.h in Headers */ = {isa = PBXBuildFile; fileRef = D03265B5129D427C004143A3 /* EFToggleSwitchSpecifierCell.h */; };
		D03265C0129D427C004143A3 /* EFToggleSwitchSpecifierCell.m in Sources */ = {isa = PBXBuildFile; fileRef = D03265B6129D427C004143A3 /* EFToggleSwitchSpecifierCell.m */; };
		D03265C1129D427C004143A3 /* EFMultiValueSpecifierCell.h in Headers */ = {isa = PBXBuildFile; fileRef = D03265B7129D427C004143A3 /* EFMultiValueSpecifierCell.h */; };
		D03265C2129D427C004143A3 /* EFMultiValueSpecifierCell.m in Sources */ = {isa = PBXBuildFile; fileRef = D03265B8129D427C004143A3 /* EFMultiValueSpecifierCell.m */; };
		D039302713F83BDD004B93FA /* EFRequest.h in Headers */ = {isa = PBXBuildFile; fileRef = D039302513F83BDD004B93FA /* EFRequest.h */; };
		D039302813F83BDD004B93FA /* EFRequest.m in Sources */ = {isa = PBXBuildFile; fileRef = D039302613F83BDD004B93FA /* EFRequest.m */; };
		D047100314D823B100811F82 /* EFDataManager.h in Headers */ = {isa = PBXBuildFile; fileRef = D047100114D823B100811F82 /* EFDataManager.h */; };
		D047100414D823B100811F82 /* EFDataManager.m in Sources */ = {isa = PBXBuildFile; fileRef = D047100214D823B100811F82 /* EFDataManager.m */; };
		D067DCF311FB130E0047EFAA /* Foundation.framework in Frameworks */ = {isa = PBXBuildFile; fileRef = D067DCF211FB130E0047EFAA /* Foundation.framework */; };
		D06F7B05138537A1003B5A31 /* QuartzCore.framework in Frameworks */ = {isa = PBXBuildFile; fileRef = D06F7B04138537A1003B5A31 /* QuartzCore.framework */; };
		D06F7B08138537B1003B5A31 /* UIKit.framework in Frameworks */ = {isa = PBXBuildFile; fileRef = D06F7B07138537B1003B5A31 /* UIKit.framework */; };
		D073A90813299739004FA0AA /* EFDummySpecifierCell.h in Headers */ = {isa = PBXBuildFile; fileRef = D073A90613299739004FA0AA /* EFDummySpecifierCell.h */; };
		D073A90913299739004FA0AA /* EFDummySpecifierCell.m in Sources */ = {isa = PBXBuildFile; fileRef = D073A90713299739004FA0AA /* EFDummySpecifierCell.m */; };
		D0826FBE122BD17E003EE4E6 /* EFImageView.h in Headers */ = {isa = PBXBuildFile; fileRef = D0826FBC122BD17E003EE4E6 /* EFImageView.h */; };
		D0826FBF122BD17E003EE4E6 /* EFImageView.m in Sources */ = {isa = PBXBuildFile; fileRef = D0826FBD122BD17E003EE4E6 /* EFImageView.m */; };
		D089C5FE1327D3B8000A54F5 /* EFEntityGateway.h in Headers */ = {isa = PBXBuildFile; fileRef = D089C5FC1327D3B8000A54F5 /* EFEntityGateway.h */; };
		D089C5FF1327D3B8000A54F5 /* EFEntityGateway.m in Sources */ = {isa = PBXBuildFile; fileRef = D089C5FD1327D3B8000A54F5 /* EFEntityGateway.m */; };
		D089C6011327D629000A54F5 /* CoreData.framework in Frameworks */ = {isa = PBXBuildFile; fileRef = D089C6001327D629000A54F5 /* CoreData.framework */; };
		D0937B8D12A50B29000E050E /* EFSliderSpecifierCell.h in Headers */ = {isa = PBXBuildFile; fileRef = D0937B8B12A50B29000E050E /* EFSliderSpecifierCell.h */; };
		D0937B8E12A50B29000E050E /* EFSliderSpecifierCell.m in Sources */ = {isa = PBXBuildFile; fileRef = D0937B8C12A50B29000E050E /* EFSliderSpecifierCell.m */; };
		D093CD3611FC62A5000B51D8 /* EFImageScrollView.h in Headers */ = {isa = PBXBuildFile; fileRef = D093CD3411FC62A5000B51D8 /* EFImageScrollView.h */; settings = {ATTRIBUTES = (); }; };
		D093CD3711FC62A5000B51D8 /* EFImageScrollView.m in Sources */ = {isa = PBXBuildFile; fileRef = D093CD3511FC62A5000B51D8 /* EFImageScrollView.m */; };
		D09C2F98132B821D00D3B57F /* EFNumberFieldSpecifierCell.h in Headers */ = {isa = PBXBuildFile; fileRef = D09C2F96132B821D00D3B57F /* EFNumberFieldSpecifierCell.h */; };
		D09C2F99132B821D00D3B57F /* EFNumberFieldSpecifierCell.m in Sources */ = {isa = PBXBuildFile; fileRef = D09C2F97132B821D00D3B57F /* EFNumberFieldSpecifierCell.m */; };
		D0BD8B58120EDA7E0034356B /* EFImageZoomView.h in Headers */ = {isa = PBXBuildFile; fileRef = D0BD8B56120EDA7E0034356B /* EFImageZoomView.h */; };
		D0BD8B59120EDA7E0034356B /* EFImageZoomView.m in Sources */ = {isa = PBXBuildFile; fileRef = D0BD8B57120EDA7E0034356B /* EFImageZoomView.m */; };
		D0E248C1125B2DE800C78A2D /* EFFastTiledLayer.h in Headers */ = {isa = PBXBuildFile; fileRef = D0E248BD125B2DE800C78A2D /* EFFastTiledLayer.h */; };
		D0E248C2125B2DE800C78A2D /* EFFastTiledLayer.m in Sources */ = {isa = PBXBuildFile; fileRef = D0E248BE125B2DE800C78A2D /* EFFastTiledLayer.m */; };
		D0E248C3125B2DE800C78A2D /* EFTilingView.h in Headers */ = {isa = PBXBuildFile; fileRef = D0E248BF125B2DE800C78A2D /* EFTilingView.h */; };
		D0E248C4125B2DE800C78A2D /* EFTilingView.m in Sources */ = {isa = PBXBuildFile; fileRef = D0E248C0125B2DE800C78A2D /* EFTilingView.m */; };
		D0E522411320DC9A00426493 /* EFTokenExchangeClient.h in Headers */ = {isa = PBXBuildFile; fileRef = D0E5223F1320DC9A00426493 /* EFTokenExchangeClient.h */; };
		D0E522421320DC9A00426493 /* EFTokenExchangeClient.m in Sources */ = {isa = PBXBuildFile; fileRef = D0E522401320DC9A00426493 /* EFTokenExchangeClient.m */; };
		D0E5224F1320DD5300426493 /* NSData+Hex.h in Headers */ = {isa = PBXBuildFile; fileRef = D0E5224D1320DD5300426493 /* NSData+Hex.h */; };
		D0E522501320DD5300426493 /* NSData+Hex.m in Sources */ = {isa = PBXBuildFile; fileRef = D0E5224E1320DD5300426493 /* NSData+Hex.m */; };
/* End PBXBuildFile section */

/* Begin PBXContainerItemProxy section */
		C7955AAF153E98BF00971465 /* PBXContainerItemProxy */ = {
			isa = PBXContainerItemProxy;
			containerPortal = D067DCE411FB130E0047EFAA /* Project object */;
			proxyType = 1;
			remoteGlobalIDString = D067DCEF11FB130E0047EFAA;
			remoteInfo = Egeniq;
		};
		C7F727E515453B1D0067B4F7 /* PBXContainerItemProxy */ = {
			isa = PBXContainerItemProxy;
			containerPortal = D067DCE411FB130E0047EFAA /* Project object */;
			proxyType = 1;
			remoteGlobalIDString = D067DCEF11FB130E0047EFAA;
			remoteInfo = Egeniq;
		};
/* End PBXContainerItemProxy section */

/* Begin PBXFileReference section */
		92256E4A140255930070F2F8 /* EFKeyChain.h */ = {isa = PBXFileReference; fileEncoding = 4; lastKnownFileType = sourcecode.c.h; path = EFKeyChain.h; sourceTree = "<group>"; };
		92256E4B140255930070F2F8 /* EFKeyChain.m */ = {isa = PBXFileReference; fileEncoding = 4; lastKnownFileType = sourcecode.c.objc; path = EFKeyChain.m; sourceTree = "<group>"; };
		922C195013F7250E00C46B8A /* EFDateFactory.h */ = {isa = PBXFileReference; fileEncoding = 4; lastKnownFileType = sourcecode.c.h; path = EFDateFactory.h; sourceTree = "<group>"; };
		922C195113F7250E00C46B8A /* EFDateFactory.m */ = {isa = PBXFileReference; fileEncoding = 4; lastKnownFileType = sourcecode.c.objc; path = EFDateFactory.m; sourceTree = "<group>"; };
		922C195213F7250E00C46B8A /* EFDay.h */ = {isa = PBXFileReference; fileEncoding = 4; lastKnownFileType = sourcecode.c.h; path = EFDay.h; sourceTree = "<group>"; };
		922C195313F7250E00C46B8A /* EFDay.m */ = {isa = PBXFileReference; fileEncoding = 4; lastKnownFileType = sourcecode.c.objc; path = EFDay.m; sourceTree = "<group>"; };
		923CDD74123A8CC300247AD5 /* EFDownload.h */ = {isa = PBXFileReference; fileEncoding = 4; lastKnownFileType = sourcecode.c.h; path = EFDownload.h; sourceTree = "<group>"; };
		923CDD75123A8CC300247AD5 /* EFDownload.m */ = {isa = PBXFileReference; fileEncoding = 4; lastKnownFileType = sourcecode.c.objc; path = EFDownload.m; sourceTree = "<group>"; };
		923CDD76123A8CC300247AD5 /* EFQueue.h */ = {isa = PBXFileReference; fileEncoding = 4; lastKnownFileType = sourcecode.c.h; path = EFQueue.h; sourceTree = "<group>"; };
		923CDD77123A8CC300247AD5 /* EFQueue.m */ = {isa = PBXFileReference; fileEncoding = 4; lastKnownFileType = sourcecode.c.objc; path = EFQueue.m; sourceTree = "<group>"; };
		923CDD78123A8CC300247AD5 /* EFNibViewController.h */ = {isa = PBXFileReference; fileEncoding = 4; lastKnownFileType = sourcecode.c.h; path = EFNibViewController.h; sourceTree = "<group>"; };
		923CDD79123A8CC300247AD5 /* EFNibViewController.m */ = {isa = PBXFileReference; fileEncoding = 4; lastKnownFileType = sourcecode.c.objc; path = EFNibViewController.m; sourceTree = "<group>"; };
		923CDDA6123A8F0A00247AD5 /* EFReachability.h */ = {isa = PBXFileReference; fileEncoding = 4; lastKnownFileType = sourcecode.c.h; path = EFReachability.h; sourceTree = "<group>"; };
		923CDDA7123A8F0A00247AD5 /* EFReachability.m */ = {isa = PBXFileReference; fileEncoding = 4; lastKnownFileType = sourcecode.c.objc; path = EFReachability.m; sourceTree = "<group>"; };
		923CDE2A123A963800247AD5 /* SystemConfiguration.framework */ = {isa = PBXFileReference; lastKnownFileType = wrapper.framework; name = SystemConfiguration.framework; path = System/Library/Frameworks/SystemConfiguration.framework; sourceTree = SDKROOT; };
		925AA54C141284D200F63093 /* EFError.m */ = {isa = PBXFileReference; fileEncoding = 4; lastKnownFileType = sourcecode.c.objc; path = EFError.m; sourceTree = "<group>"; };
		925FBF9F1415714B00C45B3B /* UIViewController+Utils.h */ = {isa = PBXFileReference; fileEncoding = 4; lastKnownFileType = sourcecode.c.h; path = "UIViewController+Utils.h"; sourceTree = "<group>"; };
		925FBFA01415714B00C45B3B /* UIViewController+Utils.m */ = {isa = PBXFileReference; fileEncoding = 4; lastKnownFileType = sourcecode.c.objc; path = "UIViewController+Utils.m"; sourceTree = "<group>"; };
		92A300B013FBCAAD001BC6FA /* EFError.h */ = {isa = PBXFileReference; fileEncoding = 4; lastKnownFileType = sourcecode.c.h; path = EFError.h; sourceTree = "<group>"; };
		92BFFA9513F952E2002D37A4 /* EFServiceContainer.h */ = {isa = PBXFileReference; fileEncoding = 4; lastKnownFileType = sourcecode.c.h; path = EFServiceContainer.h; sourceTree = "<group>"; };
		92BFFA9613F952E2002D37A4 /* EFServiceContainer.m */ = {isa = PBXFileReference; fileEncoding = 4; lastKnownFileType = sourcecode.c.objc; path = EFServiceContainer.m; sourceTree = "<group>"; };
		9F25DD16145730C1000E7B48 /* EFAlertView.h */ = {isa = PBXFileReference; fileEncoding = 4; lastKnownFileType = sourcecode.c.h; path = EFAlertView.h; sourceTree = "<group>"; };
		9F25DD17145730C1000E7B48 /* EFAlertView.m */ = {isa = PBXFileReference; fileEncoding = 4; lastKnownFileType = sourcecode.c.objc; path = EFAlertView.m; sourceTree = "<group>"; };
		9FC1ADA6145F0C28005786F5 /* UILabel+VerticalAlignment.h */ = {isa = PBXFileReference; fileEncoding = 4; lastKnownFileType = sourcecode.c.h; path = "UILabel+VerticalAlignment.h"; sourceTree = "<group>"; };
		9FC1ADA7145F0C28005786F5 /* UILabel+VerticalAlignment.m */ = {isa = PBXFileReference; fileEncoding = 4; lastKnownFileType = sourcecode.c.objc; path = "UILabel+VerticalAlignment.m"; sourceTree = "<group>"; };
		9FFA358714AB36A900507AEB /* EFServiceContainer-Protected.h */ = {isa = PBXFileReference; fileEncoding = 4; lastKnownFileType = sourcecode.c.h; path = "EFServiceContainer-Protected.h"; sourceTree = "<group>"; };
		C75D5827140510C1007E7B17 /* EFImageCache.h */ = {isa = PBXFileReference; fileEncoding = 4; lastKnownFileType = sourcecode.c.h; path = EFImageCache.h; sourceTree = "<group>"; };
		C75D5828140510C1007E7B17 /* EFImageCache.m */ = {isa = PBXFileReference; fileEncoding = 4; lastKnownFileType = sourcecode.c.objc; path = EFImageCache.m; sourceTree = "<group>"; };
		C75D5829140510C1007E7B17 /* UIImageView+URL.h */ = {isa = PBXFileReference; fileEncoding = 4; lastKnownFileType = sourcecode.c.h; path = "UIImageView+URL.h"; sourceTree = "<group>"; };
		C75D582A140510C1007E7B17 /* UIImageView+URL.m */ = {isa = PBXFileReference; fileEncoding = 4; lastKnownFileType = sourcecode.c.objc; path = "UIImageView+URL.m"; sourceTree = "<group>"; };
		C786497A14205FC300DB0DB7 /* EFRichTextView.h */ = {isa = PBXFileReference; fileEncoding = 4; lastKnownFileType = sourcecode.c.h; path = EFRichTextView.h; sourceTree = "<group>"; };
		C786497B14205FC300DB0DB7 /* EFRichTextView.m */ = {isa = PBXFileReference; fileEncoding = 4; lastKnownFileType = sourcecode.c.objc; path = EFRichTextView.m; sourceTree = "<group>"; };
		C786497C14205FC300DB0DB7 /* NSMutableAttributedString+Convenience.h */ = {isa = PBXFileReference; fileEncoding = 4; lastKnownFileType = sourcecode.c.h; path = "NSMutableAttributedString+Convenience.h"; sourceTree = "<group>"; };
		C786497D14205FC300DB0DB7 /* NSMutableAttributedString+Convenience.m */ = {isa = PBXFileReference; fileEncoding = 4; lastKnownFileType = sourcecode.c.objc; path = "NSMutableAttributedString+Convenience.m"; sourceTree = "<group>"; };
		C7955A89153E91CE00971465 /* EgeniqTests.octest */ = {isa = PBXFileReference; explicitFileType = wrapper.cfbundle; includeInIndex = 0; path = EgeniqTests.octest; sourceTree = BUILT_PRODUCTS_DIR; };
		C7955A90153E91CE00971465 /* EgeniqTests-Info.plist */ = {isa = PBXFileReference; lastKnownFileType = text.plist.xml; path = "EgeniqTests-Info.plist"; sourceTree = "<group>"; };
		C7955A92153E91CE00971465 /* en */ = {isa = PBXFileReference; lastKnownFileType = text.plist.strings; name = en; path = en.lproj/InfoPlist.strings; sourceTree = "<group>"; };
		C7955A97153E91CE00971465 /* EgeniqTests-Prefix.pch */ = {isa = PBXFileReference; lastKnownFileType = sourcecode.c.h; path = "EgeniqTests-Prefix.pch"; sourceTree = "<group>"; };
		C7955A9E153E922600971465 /* EFDayTests.m */ = {isa = PBXFileReference; fileEncoding = 4; lastKnownFileType = sourcecode.c.objc; path = EFDayTests.m; sourceTree = "<group>"; };
		C7955AA2153E935400971465 /* libKiwi.a */ = {isa = PBXFileReference; lastKnownFileType = archive.ar; name = libKiwi.a; path = "External/Kiwi/build/Release-iphoneos/libKiwi.a"; sourceTree = "<group>"; };
		C7955AA4153E945C00971465 /* SenTestingKit.framework */ = {isa = PBXFileReference; lastKnownFileType = wrapper.framework; name = SenTestingKit.framework; path = Library/Frameworks/SenTestingKit.framework; sourceTree = DEVELOPER_DIR; };
		C7955AB8153E9AAF00971465 /* CoreGraphics.framework */ = {isa = PBXFileReference; lastKnownFileType = wrapper.framework; name = CoreGraphics.framework; path = System/Library/Frameworks/CoreGraphics.framework; sourceTree = SDKROOT; };
		C7955AC5153EAC2D00971465 /* NSString+Utilities.h */ = {isa = PBXFileReference; fileEncoding = 4; lastKnownFileType = sourcecode.c.h; path = "NSString+Utilities.h"; sourceTree = "<group>"; };
		C7955AC6153EAC2D00971465 /* NSString+Utilities.m */ = {isa = PBXFileReference; fileEncoding = 4; lastKnownFileType = sourcecode.c.objc; path = "NSString+Utilities.m"; sourceTree = "<group>"; };
		C7955AC9153EACD800971465 /* NSString+UtilitiesTests.m */ = {isa = PBXFileReference; fileEncoding = 4; lastKnownFileType = sourcecode.c.objc; path = "NSString+UtilitiesTests.m"; sourceTree = "<group>"; };
		C7955ACB153EB8AD00971465 /* EFPlainWebView.h */ = {isa = PBXFileReference; fileEncoding = 4; lastKnownFileType = sourcecode.c.h; path = EFPlainWebView.h; sourceTree = "<group>"; };
		C7955ACC153EB8AD00971465 /* EFPlainWebView.m */ = {isa = PBXFileReference; fileEncoding = 4; lastKnownFileType = sourcecode.c.objc; path = EFPlainWebView.m; sourceTree = "<group>"; };
		C7D0CF90142876D8003E9562 /* CoreText.framework */ = {isa = PBXFileReference; lastKnownFileType = wrapper.framework; name = CoreText.framework; path = System/Library/Frameworks/CoreText.framework; sourceTree = SDKROOT; };
		C7D0CF93142876E3003E9562 /* Security.framework */ = {isa = PBXFileReference; lastKnownFileType = wrapper.framework; name = Security.framework; path = System/Library/Frameworks/Security.framework; sourceTree = SDKROOT; };
		C7F7279A15452E3D0067B4F7 /* EFButtonsTableViewCell.h */ = {isa = PBXFileReference; fileEncoding = 4; lastKnownFileType = sourcecode.c.h; path = EFButtonsTableViewCell.h; sourceTree = "<group>"; };
		C7F7279B15452E3D0067B4F7 /* EFButtonsTableViewCell.m */ = {isa = PBXFileReference; fileEncoding = 4; lastKnownFileType = sourcecode.c.objc; path = EFButtonsTableViewCell.m; sourceTree = "<group>"; };
		C7F7279C15452E3D0067B4F7 /* EFTextFieldTableViewCell.h */ = {isa = PBXFileReference; fileEncoding = 4; lastKnownFileType = sourcecode.c.h; path = EFTextFieldTableViewCell.h; sourceTree = "<group>"; };
		C7F7279D15452E3D0067B4F7 /* EFTextFieldTableViewCell.m */ = {isa = PBXFileReference; fileEncoding = 4; lastKnownFileType = sourcecode.c.objc; path = EFTextFieldTableViewCell.m; sourceTree = "<group>"; };
		C7F727C31545392E0067B4F7 /* Demo.app */ = {isa = PBXFileReference; explicitFileType = wrapper.application; includeInIndex = 0; path = Demo.app; sourceTree = BUILT_PRODUCTS_DIR; };
		C7F727CA1545392E0067B4F7 /* Demo-Info.plist */ = {isa = PBXFileReference; lastKnownFileType = text.plist.xml; path = "Demo-Info.plist"; sourceTree = "<group>"; };
		C7F727CC1545392E0067B4F7 /* en */ = {isa = PBXFileReference; lastKnownFileType = text.plist.strings; name = en; path = en.lproj/InfoPlist.strings; sourceTree = "<group>"; };
		C7F727CE1545392E0067B4F7 /* main.m */ = {isa = PBXFileReference; lastKnownFileType = sourcecode.c.objc; path = main.m; sourceTree = "<group>"; };
		C7F727D01545392E0067B4F7 /* Demo-Prefix.pch */ = {isa = PBXFileReference; lastKnownFileType = sourcecode.c.h; path = "Demo-Prefix.pch"; sourceTree = "<group>"; };
		C7F727D11545392E0067B4F7 /* AppDelegate.h */ = {isa = PBXFileReference; lastKnownFileType = sourcecode.c.h; path = AppDelegate.h; sourceTree = "<group>"; };
		C7F727D21545392E0067B4F7 /* AppDelegate.m */ = {isa = PBXFileReference; lastKnownFileType = sourcecode.c.objc; path = AppDelegate.m; sourceTree = "<group>"; };
		C7F727D81545394E0067B4F7 /* LoginViewController.xib */ = {isa = PBXFileReference; fileEncoding = 4; lastKnownFileType = file.xib; path = LoginViewController.xib; sourceTree = "<group>"; };
		C7F727D91545394E0067B4F7 /* LoginViewController.h */ = {isa = PBXFileReference; fileEncoding = 4; lastKnownFileType = sourcecode.c.h; path = LoginViewController.h; sourceTree = "<group>"; };
		C7F727DA1545394E0067B4F7 /* LoginViewController.m */ = {isa = PBXFileReference; fileEncoding = 4; lastKnownFileType = sourcecode.c.objc; path = LoginViewController.m; sourceTree = "<group>"; };
		C7F727E715453C410067B4F7 /* MainViewController.h */ = {isa = PBXFileReference; fileEncoding = 4; lastKnownFileType = sourcecode.c.h; path = MainViewController.h; sourceTree = "<group>"; };
		C7F727E815453C410067B4F7 /* MainViewController.m */ = {isa = PBXFileReference; fileEncoding = 4; lastKnownFileType = sourcecode.c.objc; path = MainViewController.m; sourceTree = "<group>"; };
		C7F727E915453C410067B4F7 /* MainViewController.xib */ = {isa = PBXFileReference; fileEncoding = 4; lastKnownFileType = file.xib; path = MainViewController.xib; sourceTree = "<group>"; };
		D011F500120C827700A07E28 /* EFImageViewDataSource.h */ = {isa = PBXFileReference; fileEncoding = 4; lastKnownFileType = sourcecode.c.h; path = EFImageViewDataSource.h; sourceTree = "<group>"; };
		D011F502120C839000A07E28 /* EFImageViewDelegate.h */ = {isa = PBXFileReference; fileEncoding = 4; lastKnownFileType = sourcecode.c.h; path = EFImageViewDelegate.h; sourceTree = "<group>"; };
		D011F504120C85E400A07E28 /* EFImage.h */ = {isa = PBXFileReference; fileEncoding = 4; lastKnownFileType = sourcecode.c.h; path = EFImage.h; sourceTree = "<group>"; };
		D02372D0132911D800B77A44 /* EFSettingsView.h */ = {isa = PBXFileReference; fileEncoding = 4; lastKnownFileType = sourcecode.c.h; path = EFSettingsView.h; sourceTree = "<group>"; };
		D02372D1132911D800B77A44 /* EFSettingsView.m */ = {isa = PBXFileReference; fileEncoding = 4; lastKnownFileType = sourcecode.c.objc; path = EFSettingsView.m; sourceTree = "<group>"; };
		D02372D9132925AC00B77A44 /* EFSettingsViewModel.h */ = {isa = PBXFileReference; fileEncoding = 4; lastKnownFileType = sourcecode.c.h; path = EFSettingsViewModel.h; sourceTree = "<group>"; };
		D02372DA132925B200B77A44 /* EFSettingsViewModel.m */ = {isa = PBXFileReference; fileEncoding = 4; lastKnownFileType = sourcecode.c.objc; path = EFSettingsViewModel.m; sourceTree = "<group>"; };
		D023E581123EA0B800389738 /* EFImageTableView.h */ = {isa = PBXFileReference; fileEncoding = 4; lastKnownFileType = sourcecode.c.h; path = EFImageTableView.h; sourceTree = "<group>"; };
		D023E582123EA0B800389738 /* EFImageTableView.m */ = {isa = PBXFileReference; fileEncoding = 4; lastKnownFileType = sourcecode.c.objc; path = EFImageTableView.m; sourceTree = "<group>"; };
		D03265B1129D427C004143A3 /* EFSpecifierCell.h */ = {isa = PBXFileReference; fileEncoding = 4; lastKnownFileType = sourcecode.c.h; path = EFSpecifierCell.h; sourceTree = "<group>"; };
		D03265B2129D427C004143A3 /* EFSpecifierCell.m */ = {isa = PBXFileReference; fileEncoding = 4; lastKnownFileType = sourcecode.c.objc; path = EFSpecifierCell.m; sourceTree = "<group>"; };
		D03265B3129D427C004143A3 /* EFTextFieldSpecifierCell.h */ = {isa = PBXFileReference; fileEncoding = 4; lastKnownFileType = sourcecode.c.h; path = EFTextFieldSpecifierCell.h; sourceTree = "<group>"; };
		D03265B4129D427C004143A3 /* EFTextFieldSpecifierCell.m */ = {isa = PBXFileReference; fileEncoding = 4; lastKnownFileType = sourcecode.c.objc; path = EFTextFieldSpecifierCell.m; sourceTree = "<group>"; };
		D03265B5129D427C004143A3 /* EFToggleSwitchSpecifierCell.h */ = {isa = PBXFileReference; fileEncoding = 4; lastKnownFileType = sourcecode.c.h; path = EFToggleSwitchSpecifierCell.h; sourceTree = "<group>"; };
		D03265B6129D427C004143A3 /* EFToggleSwitchSpecifierCell.m */ = {isa = PBXFileReference; fileEncoding = 4; lastKnownFileType = sourcecode.c.objc; path = EFToggleSwitchSpecifierCell.m; sourceTree = "<group>"; };
		D03265B7129D427C004143A3 /* EFMultiValueSpecifierCell.h */ = {isa = PBXFileReference; fileEncoding = 4; lastKnownFileType = sourcecode.c.h; path = EFMultiValueSpecifierCell.h; sourceTree = "<group>"; };
		D03265B8129D427C004143A3 /* EFMultiValueSpecifierCell.m */ = {isa = PBXFileReference; fileEncoding = 4; lastKnownFileType = sourcecode.c.objc; path = EFMultiValueSpecifierCell.m; sourceTree = "<group>"; };
		D039302513F83BDD004B93FA /* EFRequest.h */ = {isa = PBXFileReference; fileEncoding = 4; lastKnownFileType = sourcecode.c.h; path = EFRequest.h; sourceTree = "<group>"; };
		D039302613F83BDD004B93FA /* EFRequest.m */ = {isa = PBXFileReference; fileEncoding = 4; lastKnownFileType = sourcecode.c.objc; path = EFRequest.m; sourceTree = "<group>"; };
		D047100114D823B100811F82 /* EFDataManager.h */ = {isa = PBXFileReference; fileEncoding = 4; lastKnownFileType = sourcecode.c.h; path = EFDataManager.h; sourceTree = "<group>"; };
		D047100214D823B100811F82 /* EFDataManager.m */ = {isa = PBXFileReference; fileEncoding = 4; lastKnownFileType = sourcecode.c.objc; path = EFDataManager.m; sourceTree = "<group>"; };
		D067DCF011FB130E0047EFAA /* libEgeniq.a */ = {isa = PBXFileReference; explicitFileType = archive.ar; includeInIndex = 0; path = libEgeniq.a; sourceTree = BUILT_PRODUCTS_DIR; };
		D067DCF211FB130E0047EFAA /* Foundation.framework */ = {isa = PBXFileReference; lastKnownFileType = wrapper.framework; name = Foundation.framework; path = System/Library/Frameworks/Foundation.framework; sourceTree = SDKROOT; };
		D067DCF411FB130E0047EFAA /* Egeniq_Prefix.pch */ = {isa = PBXFileReference; lastKnownFileType = sourcecode.c.h; path = Egeniq_Prefix.pch; sourceTree = "<group>"; };
		D06F7B04138537A1003B5A31 /* QuartzCore.framework */ = {isa = PBXFileReference; lastKnownFileType = wrapper.framework; name = QuartzCore.framework; path = System/Library/Frameworks/QuartzCore.framework; sourceTree = SDKROOT; };
		D06F7B07138537B1003B5A31 /* UIKit.framework */ = {isa = PBXFileReference; lastKnownFileType = wrapper.framework; name = UIKit.framework; path = System/Library/Frameworks/UIKit.framework; sourceTree = SDKROOT; };
		D073A90613299739004FA0AA /* EFDummySpecifierCell.h */ = {isa = PBXFileReference; fileEncoding = 4; lastKnownFileType = sourcecode.c.h; path = EFDummySpecifierCell.h; sourceTree = "<group>"; };
		D073A90713299739004FA0AA /* EFDummySpecifierCell.m */ = {isa = PBXFileReference; fileEncoding = 4; lastKnownFileType = sourcecode.c.objc; path = EFDummySpecifierCell.m; sourceTree = "<group>"; };
		D0826FBC122BD17E003EE4E6 /* EFImageView.h */ = {isa = PBXFileReference; fileEncoding = 4; lastKnownFileType = sourcecode.c.h; path = EFImageView.h; sourceTree = "<group>"; };
		D0826FBD122BD17E003EE4E6 /* EFImageView.m */ = {isa = PBXFileReference; fileEncoding = 4; lastKnownFileType = sourcecode.c.objc; path = EFImageView.m; sourceTree = "<group>"; };
		D089C5FC1327D3B8000A54F5 /* EFEntityGateway.h */ = {isa = PBXFileReference; fileEncoding = 4; lastKnownFileType = sourcecode.c.h; path = EFEntityGateway.h; sourceTree = "<group>"; };
		D089C5FD1327D3B8000A54F5 /* EFEntityGateway.m */ = {isa = PBXFileReference; fileEncoding = 4; lastKnownFileType = sourcecode.c.objc; path = EFEntityGateway.m; sourceTree = "<group>"; };
		D089C6001327D629000A54F5 /* CoreData.framework */ = {isa = PBXFileReference; lastKnownFileType = wrapper.framework; name = CoreData.framework; path = System/Library/Frameworks/CoreData.framework; sourceTree = SDKROOT; };
		D0937B8B12A50B29000E050E /* EFSliderSpecifierCell.h */ = {isa = PBXFileReference; fileEncoding = 4; lastKnownFileType = sourcecode.c.h; path = EFSliderSpecifierCell.h; sourceTree = "<group>"; };
		D0937B8C12A50B29000E050E /* EFSliderSpecifierCell.m */ = {isa = PBXFileReference; fileEncoding = 4; lastKnownFileType = sourcecode.c.objc; path = EFSliderSpecifierCell.m; sourceTree = "<group>"; };
		D093CD3411FC62A5000B51D8 /* EFImageScrollView.h */ = {isa = PBXFileReference; fileEncoding = 4; lastKnownFileType = sourcecode.c.h; path = EFImageScrollView.h; sourceTree = "<group>"; };
		D093CD3511FC62A5000B51D8 /* EFImageScrollView.m */ = {isa = PBXFileReference; fileEncoding = 4; lastKnownFileType = sourcecode.c.objc; path = EFImageScrollView.m; sourceTree = "<group>"; };
		D09C2F96132B821D00D3B57F /* EFNumberFieldSpecifierCell.h */ = {isa = PBXFileReference; fileEncoding = 4; lastKnownFileType = sourcecode.c.h; path = EFNumberFieldSpecifierCell.h; sourceTree = "<group>"; };
		D09C2F97132B821D00D3B57F /* EFNumberFieldSpecifierCell.m */ = {isa = PBXFileReference; fileEncoding = 4; lastKnownFileType = sourcecode.c.objc; path = EFNumberFieldSpecifierCell.m; sourceTree = "<group>"; };
		D0BD8B56120EDA7E0034356B /* EFImageZoomView.h */ = {isa = PBXFileReference; fileEncoding = 4; lastKnownFileType = sourcecode.c.h; path = EFImageZoomView.h; sourceTree = "<group>"; };
		D0BD8B57120EDA7E0034356B /* EFImageZoomView.m */ = {isa = PBXFileReference; fileEncoding = 4; lastKnownFileType = sourcecode.c.objc; path = EFImageZoomView.m; sourceTree = "<group>"; };
		D0E248BD125B2DE800C78A2D /* EFFastTiledLayer.h */ = {isa = PBXFileReference; fileEncoding = 4; lastKnownFileType = sourcecode.c.h; path = EFFastTiledLayer.h; sourceTree = "<group>"; };
		D0E248BE125B2DE800C78A2D /* EFFastTiledLayer.m */ = {isa = PBXFileReference; fileEncoding = 4; lastKnownFileType = sourcecode.c.objc; path = EFFastTiledLayer.m; sourceTree = "<group>"; };
		D0E248BF125B2DE800C78A2D /* EFTilingView.h */ = {isa = PBXFileReference; fileEncoding = 4; lastKnownFileType = sourcecode.c.h; path = EFTilingView.h; sourceTree = "<group>"; };
		D0E248C0125B2DE800C78A2D /* EFTilingView.m */ = {isa = PBXFileReference; fileEncoding = 4; lastKnownFileType = sourcecode.c.objc; path = EFTilingView.m; sourceTree = "<group>"; };
		D0E5223F1320DC9A00426493 /* EFTokenExchangeClient.h */ = {isa = PBXFileReference; fileEncoding = 4; lastKnownFileType = sourcecode.c.h; path = EFTokenExchangeClient.h; sourceTree = "<group>"; };
		D0E522401320DC9A00426493 /* EFTokenExchangeClient.m */ = {isa = PBXFileReference; fileEncoding = 4; lastKnownFileType = sourcecode.c.objc; path = EFTokenExchangeClient.m; sourceTree = "<group>"; };
		D0E5224D1320DD5300426493 /* NSData+Hex.h */ = {isa = PBXFileReference; fileEncoding = 4; lastKnownFileType = sourcecode.c.h; path = "NSData+Hex.h"; sourceTree = "<group>"; };
		D0E5224E1320DD5300426493 /* NSData+Hex.m */ = {isa = PBXFileReference; fileEncoding = 4; lastKnownFileType = sourcecode.c.objc; path = "NSData+Hex.m"; sourceTree = "<group>"; };
/* End PBXFileReference section */

/* Begin PBXFrameworksBuildPhase section */
		C7955A85153E91CE00971465 /* Frameworks */ = {
			isa = PBXFrameworksBuildPhase;
			buildActionMask = 2147483647;
			files = (
				C7955AB9153E9AAF00971465 /* CoreGraphics.framework in Frameworks */,
				C7955AB4153E99F800971465 /* QuartzCore.framework in Frameworks */,
				C7955AB7153E9A7300971465 /* Security.framework in Frameworks */,
				C7955AB2153E99F800971465 /* CoreData.framework in Frameworks */,
				C7955AB3153E99F800971465 /* CoreText.framework in Frameworks */,
				C7955AB6153E99F800971465 /* SystemConfiguration.framework in Frameworks */,
				C7955AB1153E99BE00971465 /* libEgeniq.a in Frameworks */,
				C7955AA3153E935400971465 /* libKiwi.a in Frameworks */,
				C7955AA5153E945C00971465 /* SenTestingKit.framework in Frameworks */,
				C7955A8C153E91CE00971465 /* UIKit.framework in Frameworks */,
				C7955A8D153E91CE00971465 /* Foundation.framework in Frameworks */,
			);
			runOnlyForDeploymentPostprocessing = 0;
		};
		C7F727C01545392E0067B4F7 /* Frameworks */ = {
			isa = PBXFrameworksBuildPhase;
			buildActionMask = 2147483647;
			files = (
				C7F727C51545392E0067B4F7 /* UIKit.framework in Frameworks */,
				C7F727C61545392E0067B4F7 /* Foundation.framework in Frameworks */,
				C7F727C71545392E0067B4F7 /* CoreGraphics.framework in Frameworks */,
			);
			runOnlyForDeploymentPostprocessing = 0;
		};
		D067DCED11FB130E0047EFAA /* Frameworks */ = {
			isa = PBXFrameworksBuildPhase;
			buildActionMask = 2147483647;
			files = (
				C7D0CF91142876D8003E9562 /* CoreText.framework in Frameworks */,
				D06F7B08138537B1003B5A31 /* UIKit.framework in Frameworks */,
				D06F7B05138537A1003B5A31 /* QuartzCore.framework in Frameworks */,
				D089C6011327D629000A54F5 /* CoreData.framework in Frameworks */,
				D067DCF311FB130E0047EFAA /* Foundation.framework in Frameworks */,
				923CDE2B123A963900247AD5 /* SystemConfiguration.framework in Frameworks */,
			);
			runOnlyForDeploymentPostprocessing = 0;
		};
/* End PBXFrameworksBuildPhase section */

/* Begin PBXGroup section */
		92256E481402556F0070F2F8 /* Security */ = {
			isa = PBXGroup;
			children = (
				92256E4A140255930070F2F8 /* EFKeyChain.h */,
				92256E4B140255930070F2F8 /* EFKeyChain.m */,
			);
			name = Security;
			sourceTree = "<group>";
		};
		923CDD81123A8CDC00247AD5 /* Net */ = {
			isa = PBXGroup;
			children = (
				923CDDA6123A8F0A00247AD5 /* EFReachability.h */,
				923CDDA7123A8F0A00247AD5 /* EFReachability.m */,
				D039302513F83BDD004B93FA /* EFRequest.h */,
				D039302613F83BDD004B93FA /* EFRequest.m */,
				923CDD74123A8CC300247AD5 /* EFDownload.h */,
				923CDD75123A8CC300247AD5 /* EFDownload.m */,
				D0E5223F1320DC9A00426493 /* EFTokenExchangeClient.h */,
				D0E522401320DC9A00426493 /* EFTokenExchangeClient.m */,
			);
			name = Net;
			sourceTree = "<group>";
		};
		92BFFA9313F952B8002D37A4 /* DI */ = {
			isa = PBXGroup;
			children = (
				92BFFA9513F952E2002D37A4 /* EFServiceContainer.h */,
				9FFA358714AB36A900507AEB /* EFServiceContainer-Protected.h */,
				92BFFA9613F952E2002D37A4 /* EFServiceContainer.m */,
			);
			name = DI;
			sourceTree = "<group>";
		};
		9FC1ADA4145F0C0A005786F5 /* Label */ = {
			isa = PBXGroup;
			children = (
				9FC1ADA6145F0C28005786F5 /* UILabel+VerticalAlignment.h */,
				9FC1ADA7145F0C28005786F5 /* UILabel+VerticalAlignment.m */,
			);
			name = Label;
			sourceTree = "<group>";
		};
		C75D5830140510C6007E7B17 /* Image Cache */ = {
			isa = PBXGroup;
			children = (
				C75D5827140510C1007E7B17 /* EFImageCache.h */,
				C75D5828140510C1007E7B17 /* EFImageCache.m */,
				C75D5829140510C1007E7B17 /* UIImageView+URL.h */,
				C75D582A140510C1007E7B17 /* UIImageView+URL.m */,
			);
			name = "Image Cache";
			sourceTree = "<group>";
		};
		C786497814205FB600DB0DB7 /* Rich Text */ = {
			isa = PBXGroup;
			children = (
				C786497A14205FC300DB0DB7 /* EFRichTextView.h */,
				C786497B14205FC300DB0DB7 /* EFRichTextView.m */,
				C786497C14205FC300DB0DB7 /* NSMutableAttributedString+Convenience.h */,
				C786497D14205FC300DB0DB7 /* NSMutableAttributedString+Convenience.m */,
			);
			name = "Rich Text";
			sourceTree = "<group>";
		};
		C7955A8E153E91CE00971465 /* EgeniqTests */ = {
			isa = PBXGroup;
			children = (
				C7955A9E153E922600971465 /* EFDayTests.m */,
				C7955AC9153EACD800971465 /* NSString+UtilitiesTests.m */,
				C7955A8F153E91CE00971465 /* Supporting Files */,
			);
			path = EgeniqTests;
			sourceTree = "<group>";
		};
		C7955A8F153E91CE00971465 /* Supporting Files */ = {
			isa = PBXGroup;
			children = (
				C7955A90153E91CE00971465 /* EgeniqTests-Info.plist */,
				C7955A91153E91CE00971465 /* InfoPlist.strings */,
				C7955A97153E91CE00971465 /* EgeniqTests-Prefix.pch */,
			);
			name = "Supporting Files";
			sourceTree = "<group>";
		};
		C7F727C81545392E0067B4F7 /* Demo */ = {
			isa = PBXGroup;
			children = (
				C7F727D11545392E0067B4F7 /* AppDelegate.h */,
				C7F727D21545392E0067B4F7 /* AppDelegate.m */,
				C7F727E715453C410067B4F7 /* MainViewController.h */,
				C7F727E815453C410067B4F7 /* MainViewController.m */,
				C7F727E915453C410067B4F7 /* MainViewController.xib */,
				C7F727D91545394E0067B4F7 /* LoginViewController.h */,
				C7F727DA1545394E0067B4F7 /* LoginViewController.m */,
				C7F727D81545394E0067B4F7 /* LoginViewController.xib */,
				C7F727C91545392E0067B4F7 /* Supporting Files */,
			);
			path = Demo;
			sourceTree = "<group>";
		};
		C7F727C91545392E0067B4F7 /* Supporting Files */ = {
			isa = PBXGroup;
			children = (
				C7F727CA1545392E0067B4F7 /* Demo-Info.plist */,
				C7F727CB1545392E0067B4F7 /* InfoPlist.strings */,
				C7F727CE1545392E0067B4F7 /* main.m */,
				C7F727D01545392E0067B4F7 /* Demo-Prefix.pch */,
			);
			name = "Supporting Files";
			sourceTree = "<group>";
		};
		D011201013F8681A009B33E1 /* General */ = {
			isa = PBXGroup;
			children = (
				92A300B013FBCAAD001BC6FA /* EFError.h */,
				923CDD76123A8CC300247AD5 /* EFQueue.h */,
				923CDD77123A8CC300247AD5 /* EFQueue.m */,
				925AA54C141284D200F63093 /* EFError.m */,
				C7955AC5153EAC2D00971465 /* NSString+Utilities.h */,
				C7955AC6153EAC2D00971465 /* NSString+Utilities.m */,
			);
			name = General;
			sourceTree = "<group>";
		};
		D03265AC129D4245004143A3 /* Settings */ = {
			isa = PBXGroup;
			children = (
				D073A90B13299744004FA0AA /* Specifiers */,
				D02372D0132911D800B77A44 /* EFSettingsView.h */,
				D02372D1132911D800B77A44 /* EFSettingsView.m */,
				D02372D9132925AC00B77A44 /* EFSettingsViewModel.h */,
				D02372DA132925B200B77A44 /* EFSettingsViewModel.m */,
			);
			name = Settings;
			sourceTree = "<group>";
		};
		D067DCE211FB130E0047EFAA = {
			isa = PBXGroup;
			children = (
				D067DCE911FB130E0047EFAA /* Classes */,
				D067DCEA11FB130E0047EFAA /* Other Sources */,
				C7955A8E153E91CE00971465 /* EgeniqTests */,
				C7F727C81545392E0067B4F7 /* Demo */,
				D067DCEB11FB130E0047EFAA /* Frameworks */,
				D067DCF111FB130E0047EFAA /* Products */,
			);
			sourceTree = "<group>";
		};
		D067DCE911FB130E0047EFAA /* Classes */ = {
			isa = PBXGroup;
			children = (
				C786497814205FB600DB0DB7 /* Rich Text */,
				C75D5830140510C6007E7B17 /* Image Cache */,
				92256E481402556F0070F2F8 /* Security */,
				92BFFA9313F952B8002D37A4 /* DI */,
				D0FA0088132CDC0D00BAF5C2 /* External */,
				D011201013F8681A009B33E1 /* General */,
				D089C5FA1327D3AB000A54F5 /* Data */,
				923CDD81123A8CDC00247AD5 /* Net */,
				D093CD3211FC627B000B51D8 /* UI */,
			);
			path = Classes;
			sourceTree = "<group>";
		};
		D067DCEA11FB130E0047EFAA /* Other Sources */ = {
			isa = PBXGroup;
			children = (
				D067DCF411FB130E0047EFAA /* Egeniq_Prefix.pch */,
			);
			name = "Other Sources";
			sourceTree = "<group>";
		};
		D067DCEB11FB130E0047EFAA /* Frameworks */ = {
			isa = PBXGroup;
			children = (
				C7955AA2153E935400971465 /* libKiwi.a */,
				D089C6001327D629000A54F5 /* CoreData.framework */,
				C7D0CF90142876D8003E9562 /* CoreText.framework */,
				C7955AB8153E9AAF00971465 /* CoreGraphics.framework */,
				C7955AA4153E945C00971465 /* SenTestingKit.framework */,
				C7D0CF93142876E3003E9562 /* Security.framework */,
				D06F7B07138537B1003B5A31 /* UIKit.framework */,
				D06F7B04138537A1003B5A31 /* QuartzCore.framework */,
				923CDE2A123A963800247AD5 /* SystemConfiguration.framework */,
				D067DCF211FB130E0047EFAA /* Foundation.framework */,
			);
			name = Frameworks;
			sourceTree = "<group>";
		};
		D067DCF111FB130E0047EFAA /* Products */ = {
			isa = PBXGroup;
			children = (
				D067DCF011FB130E0047EFAA /* libEgeniq.a */,
				C7955A89153E91CE00971465 /* EgeniqTests.octest */,
				C7F727C31545392E0067B4F7 /* Demo.app */,
			);
			name = Products;
			sourceTree = "<group>";
		};
		D06A5BDD13A3B48600BEEDEF /* Alert */ = {
			isa = PBXGroup;
			children = (
				9F25DD16145730C1000E7B48 /* EFAlertView.h */,
				9F25DD17145730C1000E7B48 /* EFAlertView.m */,
			);
			name = Alert;
			sourceTree = "<group>";
		};
		D073A90B13299744004FA0AA /* Specifiers */ = {
			isa = PBXGroup;
			children = (
				D03265B1129D427C004143A3 /* EFSpecifierCell.h */,
				D03265B2129D427C004143A3 /* EFSpecifierCell.m */,
				D03265B3129D427C004143A3 /* EFTextFieldSpecifierCell.h */,
				D03265B4129D427C004143A3 /* EFTextFieldSpecifierCell.m */,
				D09C2F96132B821D00D3B57F /* EFNumberFieldSpecifierCell.h */,
				D09C2F97132B821D00D3B57F /* EFNumberFieldSpecifierCell.m */,
				D03265B5129D427C004143A3 /* EFToggleSwitchSpecifierCell.h */,
				D03265B6129D427C004143A3 /* EFToggleSwitchSpecifierCell.m */,
				D03265B7129D427C004143A3 /* EFMultiValueSpecifierCell.h */,
				D03265B8129D427C004143A3 /* EFMultiValueSpecifierCell.m */,
				D0937B8B12A50B29000E050E /* EFSliderSpecifierCell.h */,
				D0937B8C12A50B29000E050E /* EFSliderSpecifierCell.m */,
				D073A90613299739004FA0AA /* EFDummySpecifierCell.h */,
				D073A90713299739004FA0AA /* EFDummySpecifierCell.m */,
			);
			name = Specifiers;
			sourceTree = "<group>";
		};
		D089C5FA1327D3AB000A54F5 /* Data */ = {
			isa = PBXGroup;
			children = (
				922C195013F7250E00C46B8A /* EFDateFactory.h */,
				922C195113F7250E00C46B8A /* EFDateFactory.m */,
				922C195213F7250E00C46B8A /* EFDay.h */,
				922C195313F7250E00C46B8A /* EFDay.m */,
				D089C5FC1327D3B8000A54F5 /* EFEntityGateway.h */,
				D089C5FD1327D3B8000A54F5 /* EFEntityGateway.m */,
				D047100114D823B100811F82 /* EFDataManager.h */,
				D047100214D823B100811F82 /* EFDataManager.m */,
			);
			name = Data;
			sourceTree = "<group>";
		};
		D093CD3211FC627B000B51D8 /* UI */ = {
			isa = PBXGroup;
			children = (
				C7F7279A15452E3D0067B4F7 /* EFButtonsTableViewCell.h */,
				C7F7279B15452E3D0067B4F7 /* EFButtonsTableViewCell.m */,
				C7F7279C15452E3D0067B4F7 /* EFTextFieldTableViewCell.h */,
				C7F7279D15452E3D0067B4F7 /* EFTextFieldTableViewCell.m */,
				D06A5BDD13A3B48600BEEDEF /* Alert */,
				D093CD3311FC6284000B51D8 /* Image */,
				9FC1ADA4145F0C0A005786F5 /* Label */,
				D03265AC129D4245004143A3 /* Settings */,
				923CDD78123A8CC300247AD5 /* EFNibViewController.h */,
				923CDD79123A8CC300247AD5 /* EFNibViewController.m */,
				925FBF9F1415714B00C45B3B /* UIViewController+Utils.h */,
				925FBFA01415714B00C45B3B /* UIViewController+Utils.m */,
				C7955ACB153EB8AD00971465 /* EFPlainWebView.h */,
				C7955ACC153EB8AD00971465 /* EFPlainWebView.m */,
			);
			name = UI;
			sourceTree = "<group>";
		};
		D093CD3311FC6284000B51D8 /* Image */ = {
			isa = PBXGroup;
			children = (
				D0BD8B5A120EDAB10034356B /* Private */,
				D011F504120C85E400A07E28 /* EFImage.h */,
				D011F500120C827700A07E28 /* EFImageViewDataSource.h */,
				D011F502120C839000A07E28 /* EFImageViewDelegate.h */,
				D093CD3411FC62A5000B51D8 /* EFImageScrollView.h */,
				D093CD3511FC62A5000B51D8 /* EFImageScrollView.m */,
				D0826FBC122BD17E003EE4E6 /* EFImageView.h */,
				D0826FBD122BD17E003EE4E6 /* EFImageView.m */,
				D023E581123EA0B800389738 /* EFImageTableView.h */,
				D023E582123EA0B800389738 /* EFImageTableView.m */,
			);
			name = Image;
			sourceTree = "<group>";
		};
		D0BD8B5A120EDAB10034356B /* Private */ = {
			isa = PBXGroup;
			children = (
				D0E248BD125B2DE800C78A2D /* EFFastTiledLayer.h */,
				D0E248BE125B2DE800C78A2D /* EFFastTiledLayer.m */,
				D0E248BF125B2DE800C78A2D /* EFTilingView.h */,
				D0E248C0125B2DE800C78A2D /* EFTilingView.m */,
				D0BD8B56120EDA7E0034356B /* EFImageZoomView.h */,
				D0BD8B57120EDA7E0034356B /* EFImageZoomView.m */,
			);
			name = Private;
			sourceTree = "<group>";
		};
		D0FA0088132CDC0D00BAF5C2 /* External */ = {
			isa = PBXGroup;
			children = (
				D0E5224D1320DD5300426493 /* NSData+Hex.h */,
				D0E5224E1320DD5300426493 /* NSData+Hex.m */,
			);
			name = External;
			sourceTree = "<group>";
		};
/* End PBXGroup section */

/* Begin PBXHeadersBuildPhase section */
		D067DCEE11FB130E0047EFAA /* Headers */ = {
			isa = PBXHeadersBuildPhase;
			buildActionMask = 2147483647;
			files = (
				D093CD3611FC62A5000B51D8 /* EFImageScrollView.h in Headers */,
				D011F501120C827700A07E28 /* EFImageViewDataSource.h in Headers */,
				D011F503120C839000A07E28 /* EFImageViewDelegate.h in Headers */,
				D011F505120C85E400A07E28 /* EFImage.h in Headers */,
				D0BD8B58120EDA7E0034356B /* EFImageZoomView.h in Headers */,
				D0826FBE122BD17E003EE4E6 /* EFImageView.h in Headers */,
				923CDD7A123A8CC300247AD5 /* EFDownload.h in Headers */,
				923CDD7C123A8CC300247AD5 /* EFQueue.h in Headers */,
				923CDD7E123A8CC300247AD5 /* EFNibViewController.h in Headers */,
				923CDDA8123A8F0A00247AD5 /* EFReachability.h in Headers */,
				D023E583123EA0B800389738 /* EFImageTableView.h in Headers */,
				D0E248C1125B2DE800C78A2D /* EFFastTiledLayer.h in Headers */,
				D0E248C3125B2DE800C78A2D /* EFTilingView.h in Headers */,
				D03265BB129D427C004143A3 /* EFSpecifierCell.h in Headers */,
				D03265BD129D427C004143A3 /* EFTextFieldSpecifierCell.h in Headers */,
				D03265BF129D427C004143A3 /* EFToggleSwitchSpecifierCell.h in Headers */,
				D03265C1129D427C004143A3 /* EFMultiValueSpecifierCell.h in Headers */,
				D0937B8D12A50B29000E050E /* EFSliderSpecifierCell.h in Headers */,
				D0E522411320DC9A00426493 /* EFTokenExchangeClient.h in Headers */,
				D0E5224F1320DD5300426493 /* NSData+Hex.h in Headers */,
				D089C5FE1327D3B8000A54F5 /* EFEntityGateway.h in Headers */,
				D02372D2132911D800B77A44 /* EFSettingsView.h in Headers */,
				D02372DB132925B500B77A44 /* EFSettingsViewModel.h in Headers */,
				D073A90813299739004FA0AA /* EFDummySpecifierCell.h in Headers */,
				D09C2F98132B821D00D3B57F /* EFNumberFieldSpecifierCell.h in Headers */,
				922C195413F7250E00C46B8A /* EFDateFactory.h in Headers */,
				922C195613F7250E00C46B8A /* EFDay.h in Headers */,
				D039302713F83BDD004B93FA /* EFRequest.h in Headers */,
				92BFFA9713F952E2002D37A4 /* EFServiceContainer.h in Headers */,
				92A300B113FBCAAD001BC6FA /* EFError.h in Headers */,
				92256E4C140255930070F2F8 /* EFKeyChain.h in Headers */,
				C75D582B140510C1007E7B17 /* EFImageCache.h in Headers */,
				C75D582D140510C1007E7B17 /* UIImageView+URL.h in Headers */,
				C786497E14205FC300DB0DB7 /* EFRichTextView.h in Headers */,
				C786498014205FC300DB0DB7 /* NSMutableAttributedString+Convenience.h in Headers */,
				925FBFA11415714B00C45B3B /* UIViewController+Utils.h in Headers */,
				9F25DD18145730C1000E7B48 /* EFAlertView.h in Headers */,
				9FC1ADA8145F0C28005786F5 /* UILabel+VerticalAlignment.h in Headers */,
				9FFA358814AB36A900507AEB /* EFServiceContainer-Protected.h in Headers */,
				D047100314D823B100811F82 /* EFDataManager.h in Headers */,
				C7955AC7153EAC2D00971465 /* NSString+Utilities.h in Headers */,
				C7955ACD153EB8AD00971465 /* EFPlainWebView.h in Headers */,
				C7F7279E15452E3D0067B4F7 /* EFButtonsTableViewCell.h in Headers */,
				C7F727A015452E3D0067B4F7 /* EFTextFieldTableViewCell.h in Headers */,
			);
			runOnlyForDeploymentPostprocessing = 0;
		};
/* End PBXHeadersBuildPhase section */

/* Begin PBXNativeTarget section */
		C7955A88153E91CE00971465 /* EgeniqTests */ = {
			isa = PBXNativeTarget;
			buildConfigurationList = C7955A9B153E91CE00971465 /* Build configuration list for PBXNativeTarget "EgeniqTests" */;
			buildPhases = (
				C7955A84153E91CE00971465 /* Sources */,
				C7955A85153E91CE00971465 /* Frameworks */,
				C7955A86153E91CE00971465 /* Resources */,
				C7955A87153E91CE00971465 /* ShellScript */,
			);
			buildRules = (
			);
			dependencies = (
				C7955AB0153E98BF00971465 /* PBXTargetDependency */,
			);
			name = EgeniqTests;
			productName = EgeniqTests;
			productReference = C7955A89153E91CE00971465 /* EgeniqTests.octest */;
			productType = "com.apple.product-type.bundle";
		};
		C7F727C21545392E0067B4F7 /* Demo */ = {
			isa = PBXNativeTarget;
			buildConfigurationList = C7F727D41545392E0067B4F7 /* Build configuration list for PBXNativeTarget "Demo" */;
			buildPhases = (
				C7F727BF1545392E0067B4F7 /* Sources */,
				C7F727C01545392E0067B4F7 /* Frameworks */,
				C7F727C11545392E0067B4F7 /* Resources */,
			);
			buildRules = (
			);
			dependencies = (
				C7F727E615453B1D0067B4F7 /* PBXTargetDependency */,
			);
			name = Demo;
			productName = Demo;
			productReference = C7F727C31545392E0067B4F7 /* Demo.app */;
			productType = "com.apple.product-type.application";
		};
		D067DCEF11FB130E0047EFAA /* Egeniq */ = {
			isa = PBXNativeTarget;
			buildConfigurationList = D067DCF711FB130E0047EFAA /* Build configuration list for PBXNativeTarget "Egeniq" */;
			buildPhases = (
				D067DCEC11FB130E0047EFAA /* Sources */,
				D067DCED11FB130E0047EFAA /* Frameworks */,
				D067DCEE11FB130E0047EFAA /* Headers */,
			);
			buildRules = (
			);
			dependencies = (
			);
			name = Egeniq;
			productName = Egeniq;
			productReference = D067DCF011FB130E0047EFAA /* libEgeniq.a */;
			productType = "com.apple.product-type.library.static";
		};
/* End PBXNativeTarget section */

/* Begin PBXProject section */
		D067DCE411FB130E0047EFAA /* Project object */ = {
			isa = PBXProject;
			attributes = {
				LastUpgradeCheck = 0430;
				ORGANIZATIONNAME = Egeniq;
			};
			buildConfigurationList = D067DCE711FB130E0047EFAA /* Build configuration list for PBXProject "Egeniq" */;
			compatibilityVersion = "Xcode 3.2";
			developmentRegion = English;
			hasScannedForEncodings = 0;
			knownRegions = (
				en,
			);
			mainGroup = D067DCE211FB130E0047EFAA;
			productRefGroup = D067DCF111FB130E0047EFAA /* Products */;
			projectDirPath = "";
			projectRoot = "";
			targets = (
				D067DCEF11FB130E0047EFAA /* Egeniq */,
				C7955A88153E91CE00971465 /* EgeniqTests */,
				C7F727C21545392E0067B4F7 /* Demo */,
			);
		};
/* End PBXProject section */

/* Begin PBXResourcesBuildPhase section */
		C7955A86153E91CE00971465 /* Resources */ = {
			isa = PBXResourcesBuildPhase;
			buildActionMask = 2147483647;
			files = (
				C7955A93153E91CE00971465 /* InfoPlist.strings in Resources */,
			);
			runOnlyForDeploymentPostprocessing = 0;
		};
		C7F727C11545392E0067B4F7 /* Resources */ = {
			isa = PBXResourcesBuildPhase;
			buildActionMask = 2147483647;
			files = (
				C7F727CD1545392E0067B4F7 /* InfoPlist.strings in Resources */,
				C7F727DB1545394E0067B4F7 /* LoginViewController.xib in Resources */,
				C7F727EB15453C410067B4F7 /* MainViewController.xib in Resources */,
			);
			runOnlyForDeploymentPostprocessing = 0;
		};
/* End PBXResourcesBuildPhase section */

/* Begin PBXShellScriptBuildPhase section */
		C7955A87153E91CE00971465 /* ShellScript */ = {
			isa = PBXShellScriptBuildPhase;
			buildActionMask = 2147483647;
			files = (
			);
			inputPaths = (
			);
			outputPaths = (
			);
			runOnlyForDeploymentPostprocessing = 0;
			shellPath = /bin/sh;
			shellScript = "# Run the unit tests in this test bundle.\n\"${SYSTEM_DEVELOPER_DIR}/Tools/RunUnitTests\"\n";
		};
/* End PBXShellScriptBuildPhase section */

/* Begin PBXSourcesBuildPhase section */
		C7955A84153E91CE00971465 /* Sources */ = {
			isa = PBXSourcesBuildPhase;
			buildActionMask = 2147483647;
			files = (
				C7955A9F153E922600971465 /* EFDayTests.m in Sources */,
				C7955ACA153EACD800971465 /* NSString+UtilitiesTests.m in Sources */,
			);
			runOnlyForDeploymentPostprocessing = 0;
		};
		C7F727BF1545392E0067B4F7 /* Sources */ = {
			isa = PBXSourcesBuildPhase;
			buildActionMask = 2147483647;
			files = (
				C7F727CF1545392E0067B4F7 /* main.m in Sources */,
				C7F727D31545392E0067B4F7 /* AppDelegate.m in Sources */,
				C7F727DC1545394E0067B4F7 /* LoginViewController.m in Sources */,
				C7F727E315453B070067B4F7 /* EFButtonsTableViewCell.m in Sources */,
				C7F727E415453B090067B4F7 /* EFTextFieldTableViewCell.m in Sources */,
				C7F727EA15453C410067B4F7 /* MainViewController.m in Sources */,
			);
			runOnlyForDeploymentPostprocessing = 0;
		};
		D067DCEC11FB130E0047EFAA /* Sources */ = {
			isa = PBXSourcesBuildPhase;
			buildActionMask = 2147483647;
			files = (
				D093CD3711FC62A5000B51D8 /* EFImageScrollView.m in Sources */,
				D0BD8B59120EDA7E0034356B /* EFImageZoomView.m in Sources */,
				D0826FBF122BD17E003EE4E6 /* EFImageView.m in Sources */,
				923CDD7B123A8CC300247AD5 /* EFDownload.m in Sources */,
				923CDD7D123A8CC300247AD5 /* EFQueue.m in Sources */,
				923CDD7F123A8CC300247AD5 /* EFNibViewController.m in Sources */,
				923CDDA9123A8F0A00247AD5 /* EFReachability.m in Sources */,
				D023E584123EA0B800389738 /* EFImageTableView.m in Sources */,
				D0E248C2125B2DE800C78A2D /* EFFastTiledLayer.m in Sources */,
				D0E248C4125B2DE800C78A2D /* EFTilingView.m in Sources */,
				D03265BC129D427C004143A3 /* EFSpecifierCell.m in Sources */,
				D03265BE129D427C004143A3 /* EFTextFieldSpecifierCell.m in Sources */,
				D03265C0129D427C004143A3 /* EFToggleSwitchSpecifierCell.m in Sources */,
				D03265C2129D427C004143A3 /* EFMultiValueSpecifierCell.m in Sources */,
				D0937B8E12A50B29000E050E /* EFSliderSpecifierCell.m in Sources */,
				D0E522421320DC9A00426493 /* EFTokenExchangeClient.m in Sources */,
				D0E522501320DD5300426493 /* NSData+Hex.m in Sources */,
				D089C5FF1327D3B8000A54F5 /* EFEntityGateway.m in Sources */,
				D02372D3132911D800B77A44 /* EFSettingsView.m in Sources */,
				D02372DC132925B500B77A44 /* EFSettingsViewModel.m in Sources */,
				D073A90913299739004FA0AA /* EFDummySpecifierCell.m in Sources */,
				D09C2F99132B821D00D3B57F /* EFNumberFieldSpecifierCell.m in Sources */,
				922C195513F7250E00C46B8A /* EFDateFactory.m in Sources */,
				922C195713F7250E00C46B8A /* EFDay.m in Sources */,
				D039302813F83BDD004B93FA /* EFRequest.m in Sources */,
				92BFFA9813F952E2002D37A4 /* EFServiceContainer.m in Sources */,
				92256E4D140255930070F2F8 /* EFKeyChain.m in Sources */,
				925AA54D141284D200F63093 /* EFError.m in Sources */,
				C75D582C140510C1007E7B17 /* EFImageCache.m in Sources */,
				C75D582E140510C1007E7B17 /* UIImageView+URL.m in Sources */,
				C786497F14205FC300DB0DB7 /* EFRichTextView.m in Sources */,
				C786498114205FC300DB0DB7 /* NSMutableAttributedString+Convenience.m in Sources */,
				925FBFA21415714B00C45B3B /* UIViewController+Utils.m in Sources */,
				9F25DD19145730C1000E7B48 /* EFAlertView.m in Sources */,
				9FC1ADA9145F0C28005786F5 /* UILabel+VerticalAlignment.m in Sources */,
				D047100414D823B100811F82 /* EFDataManager.m in Sources */,
				C7955AC8153EAC2D00971465 /* NSString+Utilities.m in Sources */,
				C7955ACE153EB8AD00971465 /* EFPlainWebView.m in Sources */,
				C7F7279F15452E3D0067B4F7 /* EFButtonsTableViewCell.m in Sources */,
				C7F727A115452E3D0067B4F7 /* EFTextFieldTableViewCell.m in Sources */,
			);
			runOnlyForDeploymentPostprocessing = 0;
		};
/* End PBXSourcesBuildPhase section */

/* Begin PBXTargetDependency section */
		C7955AB0153E98BF00971465 /* PBXTargetDependency */ = {
			isa = PBXTargetDependency;
			target = D067DCEF11FB130E0047EFAA /* Egeniq */;
			targetProxy = C7955AAF153E98BF00971465 /* PBXContainerItemProxy */;
		};
		C7F727E615453B1D0067B4F7 /* PBXTargetDependency */ = {
			isa = PBXTargetDependency;
			target = D067DCEF11FB130E0047EFAA /* Egeniq */;
			targetProxy = C7F727E515453B1D0067B4F7 /* PBXContainerItemProxy */;
		};
/* End PBXTargetDependency section */

/* Begin PBXVariantGroup section */
		C7955A91153E91CE00971465 /* InfoPlist.strings */ = {
			isa = PBXVariantGroup;
			children = (
				C7955A92153E91CE00971465 /* en */,
			);
			name = InfoPlist.strings;
			sourceTree = "<group>";
		};
		C7F727CB1545392E0067B4F7 /* InfoPlist.strings */ = {
			isa = PBXVariantGroup;
			children = (
				C7F727CC1545392E0067B4F7 /* en */,
			);
			name = InfoPlist.strings;
			sourceTree = "<group>";
		};
/* End PBXVariantGroup section */

/* Begin XCBuildConfiguration section */
		C7955A98153E91CE00971465 /* Debug */ = {
			isa = XCBuildConfiguration;
			buildSettings = {
				ALWAYS_SEARCH_USER_PATHS = NO;
				ARCHS = "$(ARCHS_STANDARD_32_BIT)";
				CLANG_ENABLE_OBJC_ARC = YES;
				COPY_PHASE_STRIP = NO;
				FRAMEWORK_SEARCH_PATHS = (
					"$(SDKROOT)/Developer/Library/Frameworks",
					"$(DEVELOPER_LIBRARY_DIR)/Frameworks",
				);
				GCC_C_LANGUAGE_STANDARD = gnu99;
				GCC_DYNAMIC_NO_PIC = NO;
				GCC_OPTIMIZATION_LEVEL = 0;
				GCC_PRECOMPILE_PREFIX_HEADER = YES;
				GCC_PREFIX_HEADER = "EgeniqTests/EgeniqTests-Prefix.pch";
				GCC_PREPROCESSOR_DEFINITIONS = (
					"DEBUG=1",
					"$(inherited)",
				);
				GCC_SYMBOLS_PRIVATE_EXTERN = NO;
				GCC_WARN_ABOUT_RETURN_TYPE = YES;
				GCC_WARN_UNINITIALIZED_AUTOS = YES;
				GCC_WARN_UNUSED_VARIABLE = YES;
				INFOPLIST_FILE = "EgeniqTests/EgeniqTests-Info.plist";
				IPHONEOS_DEPLOYMENT_TARGET = 5.1;
				OTHER_LDFLAGS = "-all_load";
				PRODUCT_NAME = "$(TARGET_NAME)";
				USER_HEADER_SEARCH_PATHS = "$(BUILT_PRODUCTS_DIR)/KiwiPublicHeaders";
				WRAPPER_EXTENSION = octest;
			};
			name = Debug;
		};
		C7955A99153E91CE00971465 /* Release */ = {
			isa = XCBuildConfiguration;
			buildSettings = {
				ALWAYS_SEARCH_USER_PATHS = NO;
				ARCHS = "$(ARCHS_STANDARD_32_BIT)";
				CLANG_ENABLE_OBJC_ARC = YES;
				COPY_PHASE_STRIP = YES;
				FRAMEWORK_SEARCH_PATHS = (
					"$(SDKROOT)/Developer/Library/Frameworks",
					"$(DEVELOPER_LIBRARY_DIR)/Frameworks",
				);
				GCC_C_LANGUAGE_STANDARD = gnu99;
				GCC_PRECOMPILE_PREFIX_HEADER = YES;
				GCC_PREFIX_HEADER = "EgeniqTests/EgeniqTests-Prefix.pch";
				GCC_WARN_ABOUT_RETURN_TYPE = YES;
				GCC_WARN_UNINITIALIZED_AUTOS = YES;
				GCC_WARN_UNUSED_VARIABLE = YES;
				INFOPLIST_FILE = "EgeniqTests/EgeniqTests-Info.plist";
				IPHONEOS_DEPLOYMENT_TARGET = 5.1;
				OTHER_LDFLAGS = "-all_load";
				PRODUCT_NAME = "$(TARGET_NAME)";
				USER_HEADER_SEARCH_PATHS = "$(BUILT_PRODUCTS_DIR)/KiwiPublicHeaders";
				VALIDATE_PRODUCT = YES;
				WRAPPER_EXTENSION = octest;
			};
			name = Release;
		};
		C7955A9A153E91CE00971465 /* Distribution */ = {
			isa = XCBuildConfiguration;
			buildSettings = {
				ALWAYS_SEARCH_USER_PATHS = NO;
				ARCHS = "$(ARCHS_STANDARD_32_BIT)";
				CLANG_ENABLE_OBJC_ARC = YES;
				COPY_PHASE_STRIP = YES;
				FRAMEWORK_SEARCH_PATHS = (
					"$(SDKROOT)/Developer/Library/Frameworks",
					"$(DEVELOPER_LIBRARY_DIR)/Frameworks",
				);
				GCC_C_LANGUAGE_STANDARD = gnu99;
				GCC_PRECOMPILE_PREFIX_HEADER = YES;
				GCC_PREFIX_HEADER = "EgeniqTests/EgeniqTests-Prefix.pch";
				GCC_WARN_ABOUT_RETURN_TYPE = YES;
				GCC_WARN_UNINITIALIZED_AUTOS = YES;
				GCC_WARN_UNUSED_VARIABLE = YES;
				INFOPLIST_FILE = "EgeniqTests/EgeniqTests-Info.plist";
				IPHONEOS_DEPLOYMENT_TARGET = 5.1;
				OTHER_LDFLAGS = "-all_load";
				PRODUCT_NAME = "$(TARGET_NAME)";
				USER_HEADER_SEARCH_PATHS = "$(BUILT_PRODUCTS_DIR)/KiwiPublicHeaders";
				VALIDATE_PRODUCT = YES;
				WRAPPER_EXTENSION = octest;
			};
			name = Distribution;
		};
		C7F727D51545392E0067B4F7 /* Debug */ = {
			isa = XCBuildConfiguration;
			buildSettings = {
				ALWAYS_SEARCH_USER_PATHS = NO;
				ARCHS = "$(ARCHS_STANDARD_32_BIT)";
				CLANG_ENABLE_OBJC_ARC = YES;
				"CODE_SIGN_IDENTITY[sdk=iphoneos*]" = "iPhone Developer";
				COPY_PHASE_STRIP = NO;
				GCC_C_LANGUAGE_STANDARD = gnu99;
				GCC_DYNAMIC_NO_PIC = NO;
				GCC_OPTIMIZATION_LEVEL = 0;
				GCC_PRECOMPILE_PREFIX_HEADER = YES;
				GCC_PREFIX_HEADER = "Demo/Demo-Prefix.pch";
				GCC_PREPROCESSOR_DEFINITIONS = (
					"DEBUG=1",
					"$(inherited)",
				);
				GCC_SYMBOLS_PRIVATE_EXTERN = NO;
				GCC_WARN_ABOUT_RETURN_TYPE = YES;
				GCC_WARN_UNINITIALIZED_AUTOS = YES;
				GCC_WARN_UNUSED_VARIABLE = YES;
				INFOPLIST_FILE = "Demo/Demo-Info.plist";
				IPHONEOS_DEPLOYMENT_TARGET = 5.1;
				PRODUCT_NAME = "$(TARGET_NAME)";
				TARGETED_DEVICE_FAMILY = "1,2";
				WRAPPER_EXTENSION = app;
			};
			name = Debug;
		};
		C7F727D61545392E0067B4F7 /* Release */ = {
			isa = XCBuildConfiguration;
			buildSettings = {
				ALWAYS_SEARCH_USER_PATHS = NO;
				ARCHS = "$(ARCHS_STANDARD_32_BIT)";
				CLANG_ENABLE_OBJC_ARC = YES;
				"CODE_SIGN_IDENTITY[sdk=iphoneos*]" = "iPhone Developer";
				COPY_PHASE_STRIP = YES;
				GCC_C_LANGUAGE_STANDARD = gnu99;
				GCC_PRECOMPILE_PREFIX_HEADER = YES;
				GCC_PREFIX_HEADER = "Demo/Demo-Prefix.pch";
				GCC_WARN_ABOUT_RETURN_TYPE = YES;
				GCC_WARN_UNINITIALIZED_AUTOS = YES;
				GCC_WARN_UNUSED_VARIABLE = YES;
				INFOPLIST_FILE = "Demo/Demo-Info.plist";
				IPHONEOS_DEPLOYMENT_TARGET = 5.1;
				OTHER_CFLAGS = "-DNS_BLOCK_ASSERTIONS=1";
				PRODUCT_NAME = "$(TARGET_NAME)";
				TARGETED_DEVICE_FAMILY = "1,2";
				VALIDATE_PRODUCT = YES;
				WRAPPER_EXTENSION = app;
			};
			name = Release;
		};
		C7F727D71545392E0067B4F7 /* Distribution */ = {
			isa = XCBuildConfiguration;
			buildSettings = {
				ALWAYS_SEARCH_USER_PATHS = NO;
				ARCHS = "$(ARCHS_STANDARD_32_BIT)";
				CLANG_ENABLE_OBJC_ARC = YES;
				"CODE_SIGN_IDENTITY[sdk=iphoneos*]" = "iPhone Developer";
				COPY_PHASE_STRIP = YES;
				GCC_C_LANGUAGE_STANDARD = gnu99;
				GCC_PRECOMPILE_PREFIX_HEADER = YES;
				GCC_PREFIX_HEADER = "Demo/Demo-Prefix.pch";
				GCC_WARN_ABOUT_RETURN_TYPE = YES;
				GCC_WARN_UNINITIALIZED_AUTOS = YES;
				GCC_WARN_UNUSED_VARIABLE = YES;
				INFOPLIST_FILE = "Demo/Demo-Info.plist";
				IPHONEOS_DEPLOYMENT_TARGET = 5.1;
				OTHER_CFLAGS = "-DNS_BLOCK_ASSERTIONS=1";
				PRODUCT_NAME = "$(TARGET_NAME)";
				TARGETED_DEVICE_FAMILY = "1,2";
				VALIDATE_PRODUCT = YES;
				WRAPPER_EXTENSION = app;
			};
			name = Distribution;
		};
		D067DCF511FB130E0047EFAA /* Debug */ = {
			isa = XCBuildConfiguration;
			buildSettings = {
				ARCHS = (
					armv6,
					armv7,
				);
				GCC_THUMB_SUPPORT = NO;
				GCC_VERSION = com.apple.compilers.llvm.clang.1_0;
				IPHONEOS_DEPLOYMENT_TARGET = 4.0;
				ONLY_ACTIVE_ARCH = NO;
				OTHER_CFLAGS = "-fvisibility=default";
				SDKROOT = iphoneos;
				SKIP_INSTALL = YES;
			};
			name = Debug;
		};
		D067DCF611FB130E0047EFAA /* Release */ = {
			isa = XCBuildConfiguration;
			buildSettings = {
				ARCHS = (
					armv6,
					armv7,
				);
				GCC_THUMB_SUPPORT = NO;
				GCC_VERSION = com.apple.compilers.llvm.clang.1_0;
				IPHONEOS_DEPLOYMENT_TARGET = 4.0;
				ONLY_ACTIVE_ARCH = NO;
				OTHER_CFLAGS = "-fvisibility=default";
				SDKROOT = iphoneos;
				SKIP_INSTALL = YES;
			};
			name = Release;
		};
		D067DCF811FB130E0047EFAA /* Debug */ = {
			isa = XCBuildConfiguration;
			buildSettings = {
				ALWAYS_SEARCH_USER_PATHS = NO;
				DSTROOT = /tmp/Egeniq.dst;
				GCC_C_LANGUAGE_STANDARD = c99;
				GCC_PRECOMPILE_PREFIX_HEADER = YES;
				GCC_PREFIX_HEADER = Egeniq_Prefix.pch;
				GCC_THUMB_SUPPORT = NO;
				INSTALL_PATH = /usr/local/lib;
				PRODUCT_NAME = Egeniq;
			};
			name = Debug;
		};
		D067DCF911FB130E0047EFAA /* Release */ = {
			isa = XCBuildConfiguration;
			buildSettings = {
				ALWAYS_SEARCH_USER_PATHS = NO;
				DSTROOT = /tmp/Egeniq.dst;
				GCC_C_LANGUAGE_STANDARD = c99;
				GCC_PRECOMPILE_PREFIX_HEADER = YES;
				GCC_PREFIX_HEADER = Egeniq_Prefix.pch;
				GCC_THUMB_SUPPORT = NO;
				INSTALL_PATH = /usr/local/lib;
				PRODUCT_NAME = Egeniq;
			};
			name = Release;
		};
		D0BA358613A1413200DE1B85 /* Distribution */ = {
			isa = XCBuildConfiguration;
			buildSettings = {
				ARCHS = (
					armv6,
					armv7,
				);
				GCC_THUMB_SUPPORT = NO;
				GCC_VERSION = com.apple.compilers.llvm.clang.1_0;
				IPHONEOS_DEPLOYMENT_TARGET = 4.0;
				ONLY_ACTIVE_ARCH = NO;
				OTHER_CFLAGS = "-fvisibility=default";
				SDKROOT = iphoneos;
				SKIP_INSTALL = YES;
			};
			name = Distribution;
		};
		D0BA358713A1413200DE1B85 /* Distribution */ = {
			isa = XCBuildConfiguration;
			buildSettings = {
				ALWAYS_SEARCH_USER_PATHS = NO;
				DSTROOT = /tmp/Egeniq.dst;
				GCC_C_LANGUAGE_STANDARD = c99;
				GCC_PRECOMPILE_PREFIX_HEADER = YES;
				GCC_PREFIX_HEADER = Egeniq_Prefix.pch;
				GCC_THUMB_SUPPORT = NO;
				INSTALL_PATH = /usr/local/lib;
				PRODUCT_NAME = Egeniq;
			};
			name = Distribution;
		};
/* End XCBuildConfiguration section */

/* Begin XCConfigurationList section */
		C7955A9B153E91CE00971465 /* Build configuration list for PBXNativeTarget "EgeniqTests" */ = {
			isa = XCConfigurationList;
			buildConfigurations = (
				C7955A98153E91CE00971465 /* Debug */,
				C7955A99153E91CE00971465 /* Release */,
				C7955A9A153E91CE00971465 /* Distribution */,
			);
			defaultConfigurationIsVisible = 0;
			defaultConfigurationName = Release;
		};
		C7F727D41545392E0067B4F7 /* Build configuration list for PBXNativeTarget "Demo" */ = {
			isa = XCConfigurationList;
			buildConfigurations = (
				C7F727D51545392E0067B4F7 /* Debug */,
				C7F727D61545392E0067B4F7 /* Release */,
				C7F727D71545392E0067B4F7 /* Distribution */,
			);
			defaultConfigurationIsVisible = 0;
		};
		D067DCE711FB130E0047EFAA /* Build configuration list for PBXProject "Egeniq" */ = {
			isa = XCConfigurationList;
			buildConfigurations = (
				D067DCF511FB130E0047EFAA /* Debug */,
				D067DCF611FB130E0047EFAA /* Release */,
				D0BA358613A1413200DE1B85 /* Distribution */,
			);
			defaultConfigurationIsVisible = 0;
			defaultConfigurationName = Release;
		};
		D067DCF711FB130E0047EFAA /* Build configuration list for PBXNativeTarget "Egeniq" */ = {
			isa = XCConfigurationList;
			buildConfigurations = (
				D067DCF811FB130E0047EFAA /* Debug */,
				D067DCF911FB130E0047EFAA /* Release */,
				D0BA358713A1413200DE1B85 /* Distribution */,
			);
			defaultConfigurationIsVisible = 0;
			defaultConfigurationName = Release;
		};
/* End XCConfigurationList section */
	};
	rootObject = D067DCE411FB130E0047EFAA /* Project object */;
}
