// !$*UTF8*$!
{
	archiveVersion = 1;
	classes = {
	};
	objectVersion = 46;
	objects = {

/* Begin PBXBuildFile section */
		923CDD7A123A8CC300247AD5 /* EFDownload.h in Headers */ = {isa = PBXBuildFile; fileRef = 923CDD74123A8CC300247AD5 /* EFDownload.h */; };
		923CDD7B123A8CC300247AD5 /* EFDownload.m in Sources */ = {isa = PBXBuildFile; fileRef = 923CDD75123A8CC300247AD5 /* EFDownload.m */; };
		923CDD7C123A8CC300247AD5 /* EFDownloadQueue.h in Headers */ = {isa = PBXBuildFile; fileRef = 923CDD76123A8CC300247AD5 /* EFDownloadQueue.h */; };
		923CDD7D123A8CC300247AD5 /* EFDownloadQueue.m in Sources */ = {isa = PBXBuildFile; fileRef = 923CDD77123A8CC300247AD5 /* EFDownloadQueue.m */; };
		923CDD7E123A8CC300247AD5 /* EFNibViewController.h in Headers */ = {isa = PBXBuildFile; fileRef = 923CDD78123A8CC300247AD5 /* EFNibViewController.h */; };
		923CDD7F123A8CC300247AD5 /* EFNibViewController.m in Sources */ = {isa = PBXBuildFile; fileRef = 923CDD79123A8CC300247AD5 /* EFNibViewController.m */; };
		923CDDA8123A8F0A00247AD5 /* EFReachability.h in Headers */ = {isa = PBXBuildFile; fileRef = 923CDDA6123A8F0A00247AD5 /* EFReachability.h */; };
		923CDDA9123A8F0A00247AD5 /* EFReachability.m in Sources */ = {isa = PBXBuildFile; fileRef = 923CDDA7123A8F0A00247AD5 /* EFReachability.m */; };
		923CDE2B123A963900247AD5 /* SystemConfiguration.framework in Frameworks */ = {isa = PBXBuildFile; fileRef = 923CDE2A123A963800247AD5 /* SystemConfiguration.framework */; };
		D011F501120C827700A07E28 /* EFImageViewDataSource.h in Headers */ = {isa = PBXBuildFile; fileRef = D011F500120C827700A07E28 /* EFImageViewDataSource.h */; };
		D011F503120C839000A07E28 /* EFImageViewDelegate.h in Headers */ = {isa = PBXBuildFile; fileRef = D011F502120C839000A07E28 /* EFImageViewDelegate.h */; };
		D011F505120C85E400A07E28 /* EFImage.h in Headers */ = {isa = PBXBuildFile; fileRef = D011F504120C85E400A07E28 /* EFImage.h */; };
		D02372D2132911D800B77A44 /* EFSettingsView.h in Headers */ = {isa = PBXBuildFile; fileRef = D02372D0132911D800B77A44 /* EFSettingsView.h */; };
		D02372D3132911D800B77A44 /* EFSettingsView.m in Sources */ = {isa = PBXBuildFile; fileRef = D02372D1132911D800B77A44 /* EFSettingsView.m */; };
		D02372DB132925B500B77A44 /* EFSettingsViewModel.h in Headers */ = {isa = PBXBuildFile; fileRef = D02372D9132925AC00B77A44 /* EFSettingsViewModel.h */; };
		D02372DC132925B500B77A44 /* EFSettingsViewModel.m in Sources */ = {isa = PBXBuildFile; fileRef = D02372DA132925B200B77A44 /* EFSettingsViewModel.m */; };
		D023E583123EA0B800389738 /* EFImageTableView.h in Headers */ = {isa = PBXBuildFile; fileRef = D023E581123EA0B800389738 /* EFImageTableView.h */; };
		D023E584123EA0B800389738 /* EFImageTableView.m in Sources */ = {isa = PBXBuildFile; fileRef = D023E582123EA0B800389738 /* EFImageTableView.m */; };
		D03265BB129D427C004143A3 /* EFSpecifierCell.h in Headers */ = {isa = PBXBuildFile; fileRef = D03265B1129D427C004143A3 /* EFSpecifierCell.h */; };
		D03265BC129D427C004143A3 /* EFSpecifierCell.m in Sources */ = {isa = PBXBuildFile; fileRef = D03265B2129D427C004143A3 /* EFSpecifierCell.m */; };
		D03265BD129D427C004143A3 /* EFTextFieldSpecifierCell.h in Headers */ = {isa = PBXBuildFile; fileRef = D03265B3129D427C004143A3 /* EFTextFieldSpecifierCell.h */; };
		D03265BE129D427C004143A3 /* EFTextFieldSpecifierCell.m in Sources */ = {isa = PBXBuildFile; fileRef = D03265B4129D427C004143A3 /* EFTextFieldSpecifierCell.m */; };
		D03265BF129D427C004143A3 /* EFToggleSwitchSpecifierCell.h in Headers */ = {isa = PBXBuildFile; fileRef = D03265B5129D427C004143A3 /* EFToggleSwitchSpecifierCell.h */; };
		D03265C0129D427C004143A3 /* EFToggleSwitchSpecifierCell.m in Sources */ = {isa = PBXBuildFile; fileRef = D03265B6129D427C004143A3 /* EFToggleSwitchSpecifierCell.m */; };
		D03265C1129D427C004143A3 /* EFMultiValueSpecifierCell.h in Headers */ = {isa = PBXBuildFile; fileRef = D03265B7129D427C004143A3 /* EFMultiValueSpecifierCell.h */; };
		D03265C2129D427C004143A3 /* EFMultiValueSpecifierCell.m in Sources */ = {isa = PBXBuildFile; fileRef = D03265B8129D427C004143A3 /* EFMultiValueSpecifierCell.m */; };
		D067DCF311FB130E0047EFAA /* Foundation.framework in Frameworks */ = {isa = PBXBuildFile; fileRef = D067DCF211FB130E0047EFAA /* Foundation.framework */; };
		D06F7B05138537A1003B5A31 /* QuartzCore.framework in Frameworks */ = {isa = PBXBuildFile; fileRef = D06F7B04138537A1003B5A31 /* QuartzCore.framework */; };
		D06F7B08138537B1003B5A31 /* UIKit.framework in Frameworks */ = {isa = PBXBuildFile; fileRef = D06F7B07138537B1003B5A31 /* UIKit.framework */; };
		D073A90813299739004FA0AA /* EFDummySpecifierCell.h in Headers */ = {isa = PBXBuildFile; fileRef = D073A90613299739004FA0AA /* EFDummySpecifierCell.h */; };
		D073A90913299739004FA0AA /* EFDummySpecifierCell.m in Sources */ = {isa = PBXBuildFile; fileRef = D073A90713299739004FA0AA /* EFDummySpecifierCell.m */; };
		D0826FBE122BD17E003EE4E6 /* EFImageView.h in Headers */ = {isa = PBXBuildFile; fileRef = D0826FBC122BD17E003EE4E6 /* EFImageView.h */; };
		D0826FBF122BD17E003EE4E6 /* EFImageView.m in Sources */ = {isa = PBXBuildFile; fileRef = D0826FBD122BD17E003EE4E6 /* EFImageView.m */; };
		D089C5FE1327D3B8000A54F5 /* EFDataSource.h in Headers */ = {isa = PBXBuildFile; fileRef = D089C5FC1327D3B8000A54F5 /* EFDataSource.h */; };
		D089C5FF1327D3B8000A54F5 /* EFDataSource.m in Sources */ = {isa = PBXBuildFile; fileRef = D089C5FD1327D3B8000A54F5 /* EFDataSource.m */; };
		D089C6011327D629000A54F5 /* CoreData.framework in Frameworks */ = {isa = PBXBuildFile; fileRef = D089C6001327D629000A54F5 /* CoreData.framework */; };
		D09051AE1341CE590054CBE8 /* EFDataSource-Protected.h in Headers */ = {isa = PBXBuildFile; fileRef = D09051AD1341CE590054CBE8 /* EFDataSource-Protected.h */; };
		D0937B8D12A50B29000E050E /* EFSliderSpecifierCell.h in Headers */ = {isa = PBXBuildFile; fileRef = D0937B8B12A50B29000E050E /* EFSliderSpecifierCell.h */; };
		D0937B8E12A50B29000E050E /* EFSliderSpecifierCell.m in Sources */ = {isa = PBXBuildFile; fileRef = D0937B8C12A50B29000E050E /* EFSliderSpecifierCell.m */; };
		D093CD3611FC62A5000B51D8 /* EFImageScrollView.h in Headers */ = {isa = PBXBuildFile; fileRef = D093CD3411FC62A5000B51D8 /* EFImageScrollView.h */; settings = {ATTRIBUTES = (); }; };
		D093CD3711FC62A5000B51D8 /* EFImageScrollView.m in Sources */ = {isa = PBXBuildFile; fileRef = D093CD3511FC62A5000B51D8 /* EFImageScrollView.m */; };
		D09C2F98132B821D00D3B57F /* EFNumberFieldSpecifierCell.h in Headers */ = {isa = PBXBuildFile; fileRef = D09C2F96132B821D00D3B57F /* EFNumberFieldSpecifierCell.h */; };
		D09C2F99132B821D00D3B57F /* EFNumberFieldSpecifierCell.m in Sources */ = {isa = PBXBuildFile; fileRef = D09C2F97132B821D00D3B57F /* EFNumberFieldSpecifierCell.m */; };
		D0BD8B58120EDA7E0034356B /* EFImageZoomView.h in Headers */ = {isa = PBXBuildFile; fileRef = D0BD8B56120EDA7E0034356B /* EFImageZoomView.h */; };
		D0BD8B59120EDA7E0034356B /* EFImageZoomView.m in Sources */ = {isa = PBXBuildFile; fileRef = D0BD8B57120EDA7E0034356B /* EFImageZoomView.m */; };
		D0E248C1125B2DE800C78A2D /* EFFastTiledLayer.h in Headers */ = {isa = PBXBuildFile; fileRef = D0E248BD125B2DE800C78A2D /* EFFastTiledLayer.h */; };
		D0E248C2125B2DE800C78A2D /* EFFastTiledLayer.m in Sources */ = {isa = PBXBuildFile; fileRef = D0E248BE125B2DE800C78A2D /* EFFastTiledLayer.m */; };
		D0E248C3125B2DE800C78A2D /* EFTilingView.h in Headers */ = {isa = PBXBuildFile; fileRef = D0E248BF125B2DE800C78A2D /* EFTilingView.h */; };
		D0E248C4125B2DE800C78A2D /* EFTilingView.m in Sources */ = {isa = PBXBuildFile; fileRef = D0E248C0125B2DE800C78A2D /* EFTilingView.m */; };
		D0E522411320DC9A00426493 /* EFTokenExchangeClient.h in Headers */ = {isa = PBXBuildFile; fileRef = D0E5223F1320DC9A00426493 /* EFTokenExchangeClient.h */; };
		D0E522421320DC9A00426493 /* EFTokenExchangeClient.m in Sources */ = {isa = PBXBuildFile; fileRef = D0E522401320DC9A00426493 /* EFTokenExchangeClient.m */; };
		D0E5224F1320DD5300426493 /* NSData+Hex.h in Headers */ = {isa = PBXBuildFile; fileRef = D0E5224D1320DD5300426493 /* NSData+Hex.h */; };
		D0E522501320DD5300426493 /* NSData+Hex.m in Sources */ = {isa = PBXBuildFile; fileRef = D0E5224E1320DD5300426493 /* NSData+Hex.m */; };
/* End PBXBuildFile section */

/* Begin PBXFileReference section */
		923CDD74123A8CC300247AD5 /* EFDownload.h */ = {isa = PBXFileReference; fileEncoding = 4; lastKnownFileType = sourcecode.c.h; path = EFDownload.h; sourceTree = "<group>"; };
		923CDD75123A8CC300247AD5 /* EFDownload.m */ = {isa = PBXFileReference; fileEncoding = 4; lastKnownFileType = sourcecode.c.objc; path = EFDownload.m; sourceTree = "<group>"; };
		923CDD76123A8CC300247AD5 /* EFDownloadQueue.h */ = {isa = PBXFileReference; fileEncoding = 4; lastKnownFileType = sourcecode.c.h; path = EFDownloadQueue.h; sourceTree = "<group>"; };
		923CDD77123A8CC300247AD5 /* EFDownloadQueue.m */ = {isa = PBXFileReference; fileEncoding = 4; lastKnownFileType = sourcecode.c.objc; path = EFDownloadQueue.m; sourceTree = "<group>"; };
		923CDD78123A8CC300247AD5 /* EFNibViewController.h */ = {isa = PBXFileReference; fileEncoding = 4; lastKnownFileType = sourcecode.c.h; path = EFNibViewController.h; sourceTree = "<group>"; };
		923CDD79123A8CC300247AD5 /* EFNibViewController.m */ = {isa = PBXFileReference; fileEncoding = 4; lastKnownFileType = sourcecode.c.objc; path = EFNibViewController.m; sourceTree = "<group>"; };
		923CDDA6123A8F0A00247AD5 /* EFReachability.h */ = {isa = PBXFileReference; fileEncoding = 4; lastKnownFileType = sourcecode.c.h; path = EFReachability.h; sourceTree = "<group>"; };
		923CDDA7123A8F0A00247AD5 /* EFReachability.m */ = {isa = PBXFileReference; fileEncoding = 4; lastKnownFileType = sourcecode.c.objc; path = EFReachability.m; sourceTree = "<group>"; };
		923CDE2A123A963800247AD5 /* SystemConfiguration.framework */ = {isa = PBXFileReference; lastKnownFileType = wrapper.framework; name = SystemConfiguration.framework; path = System/Library/Frameworks/SystemConfiguration.framework; sourceTree = SDKROOT; };
		D011F500120C827700A07E28 /* EFImageViewDataSource.h */ = {isa = PBXFileReference; fileEncoding = 4; lastKnownFileType = sourcecode.c.h; path = EFImageViewDataSource.h; sourceTree = "<group>"; };
		D011F502120C839000A07E28 /* EFImageViewDelegate.h */ = {isa = PBXFileReference; fileEncoding = 4; lastKnownFileType = sourcecode.c.h; path = EFImageViewDelegate.h; sourceTree = "<group>"; };
		D011F504120C85E400A07E28 /* EFImage.h */ = {isa = PBXFileReference; fileEncoding = 4; lastKnownFileType = sourcecode.c.h; path = EFImage.h; sourceTree = "<group>"; };
		D02372D0132911D800B77A44 /* EFSettingsView.h */ = {isa = PBXFileReference; fileEncoding = 4; lastKnownFileType = sourcecode.c.h; path = EFSettingsView.h; sourceTree = "<group>"; };
		D02372D1132911D800B77A44 /* EFSettingsView.m */ = {isa = PBXFileReference; fileEncoding = 4; lastKnownFileType = sourcecode.c.objc; path = EFSettingsView.m; sourceTree = "<group>"; };
		D02372D9132925AC00B77A44 /* EFSettingsViewModel.h */ = {isa = PBXFileReference; fileEncoding = 4; lastKnownFileType = sourcecode.c.h; path = EFSettingsViewModel.h; sourceTree = "<group>"; };
		D02372DA132925B200B77A44 /* EFSettingsViewModel.m */ = {isa = PBXFileReference; fileEncoding = 4; lastKnownFileType = sourcecode.c.objc; path = EFSettingsViewModel.m; sourceTree = "<group>"; };
		D023E581123EA0B800389738 /* EFImageTableView.h */ = {isa = PBXFileReference; fileEncoding = 4; lastKnownFileType = sourcecode.c.h; path = EFImageTableView.h; sourceTree = "<group>"; };
		D023E582123EA0B800389738 /* EFImageTableView.m */ = {isa = PBXFileReference; fileEncoding = 4; lastKnownFileType = sourcecode.c.objc; path = EFImageTableView.m; sourceTree = "<group>"; };
		D03265B1129D427C004143A3 /* EFSpecifierCell.h */ = {isa = PBXFileReference; fileEncoding = 4; lastKnownFileType = sourcecode.c.h; path = EFSpecifierCell.h; sourceTree = "<group>"; };
		D03265B2129D427C004143A3 /* EFSpecifierCell.m */ = {isa = PBXFileReference; fileEncoding = 4; lastKnownFileType = sourcecode.c.objc; path = EFSpecifierCell.m; sourceTree = "<group>"; };
		D03265B3129D427C004143A3 /* EFTextFieldSpecifierCell.h */ = {isa = PBXFileReference; fileEncoding = 4; lastKnownFileType = sourcecode.c.h; path = EFTextFieldSpecifierCell.h; sourceTree = "<group>"; };
		D03265B4129D427C004143A3 /* EFTextFieldSpecifierCell.m */ = {isa = PBXFileReference; fileEncoding = 4; lastKnownFileType = sourcecode.c.objc; path = EFTextFieldSpecifierCell.m; sourceTree = "<group>"; };
		D03265B5129D427C004143A3 /* EFToggleSwitchSpecifierCell.h */ = {isa = PBXFileReference; fileEncoding = 4; lastKnownFileType = sourcecode.c.h; path = EFToggleSwitchSpecifierCell.h; sourceTree = "<group>"; };
		D03265B6129D427C004143A3 /* EFToggleSwitchSpecifierCell.m */ = {isa = PBXFileReference; fileEncoding = 4; lastKnownFileType = sourcecode.c.objc; path = EFToggleSwitchSpecifierCell.m; sourceTree = "<group>"; };
		D03265B7129D427C004143A3 /* EFMultiValueSpecifierCell.h */ = {isa = PBXFileReference; fileEncoding = 4; lastKnownFileType = sourcecode.c.h; path = EFMultiValueSpecifierCell.h; sourceTree = "<group>"; };
		D03265B8129D427C004143A3 /* EFMultiValueSpecifierCell.m */ = {isa = PBXFileReference; fileEncoding = 4; lastKnownFileType = sourcecode.c.objc; path = EFMultiValueSpecifierCell.m; sourceTree = "<group>"; };
		D067DCF011FB130E0047EFAA /* libEgeniq.a */ = {isa = PBXFileReference; explicitFileType = archive.ar; includeInIndex = 0; path = libEgeniq.a; sourceTree = BUILT_PRODUCTS_DIR; };
		D067DCF211FB130E0047EFAA /* Foundation.framework */ = {isa = PBXFileReference; lastKnownFileType = wrapper.framework; name = Foundation.framework; path = System/Library/Frameworks/Foundation.framework; sourceTree = SDKROOT; };
		D067DCF411FB130E0047EFAA /* Egeniq_Prefix.pch */ = {isa = PBXFileReference; lastKnownFileType = sourcecode.c.h; path = Egeniq_Prefix.pch; sourceTree = "<group>"; };
		D06F7B04138537A1003B5A31 /* QuartzCore.framework */ = {isa = PBXFileReference; lastKnownFileType = wrapper.framework; name = QuartzCore.framework; path = System/Library/Frameworks/QuartzCore.framework; sourceTree = SDKROOT; };
		D06F7B07138537B1003B5A31 /* UIKit.framework */ = {isa = PBXFileReference; lastKnownFileType = wrapper.framework; name = UIKit.framework; path = System/Library/Frameworks/UIKit.framework; sourceTree = SDKROOT; };
		D073A90613299739004FA0AA /* EFDummySpecifierCell.h */ = {isa = PBXFileReference; fileEncoding = 4; lastKnownFileType = sourcecode.c.h; path = EFDummySpecifierCell.h; sourceTree = "<group>"; };
		D073A90713299739004FA0AA /* EFDummySpecifierCell.m */ = {isa = PBXFileReference; fileEncoding = 4; lastKnownFileType = sourcecode.c.objc; path = EFDummySpecifierCell.m; sourceTree = "<group>"; };
		D0826FBC122BD17E003EE4E6 /* EFImageView.h */ = {isa = PBXFileReference; fileEncoding = 4; lastKnownFileType = sourcecode.c.h; path = EFImageView.h; sourceTree = "<group>"; };
		D0826FBD122BD17E003EE4E6 /* EFImageView.m */ = {isa = PBXFileReference; fileEncoding = 4; lastKnownFileType = sourcecode.c.objc; path = EFImageView.m; sourceTree = "<group>"; };
		D089C5FC1327D3B8000A54F5 /* EFDataSource.h */ = {isa = PBXFileReference; fileEncoding = 4; lastKnownFileType = sourcecode.c.h; path = EFDataSource.h; sourceTree = "<group>"; };
		D089C5FD1327D3B8000A54F5 /* EFDataSource.m */ = {isa = PBXFileReference; fileEncoding = 4; lastKnownFileType = sourcecode.c.objc; path = EFDataSource.m; sourceTree = "<group>"; };
		D089C6001327D629000A54F5 /* CoreData.framework */ = {isa = PBXFileReference; lastKnownFileType = wrapper.framework; name = CoreData.framework; path = System/Library/Frameworks/CoreData.framework; sourceTree = SDKROOT; };
		D09051AD1341CE590054CBE8 /* EFDataSource-Protected.h */ = {isa = PBXFileReference; fileEncoding = 4; lastKnownFileType = sourcecode.c.h; path = "EFDataSource-Protected.h"; sourceTree = "<group>"; };
		D0937B8B12A50B29000E050E /* EFSliderSpecifierCell.h */ = {isa = PBXFileReference; fileEncoding = 4; lastKnownFileType = sourcecode.c.h; path = EFSliderSpecifierCell.h; sourceTree = "<group>"; };
		D0937B8C12A50B29000E050E /* EFSliderSpecifierCell.m */ = {isa = PBXFileReference; fileEncoding = 4; lastKnownFileType = sourcecode.c.objc; path = EFSliderSpecifierCell.m; sourceTree = "<group>"; };
		D093CD3411FC62A5000B51D8 /* EFImageScrollView.h */ = {isa = PBXFileReference; fileEncoding = 4; lastKnownFileType = sourcecode.c.h; path = EFImageScrollView.h; sourceTree = "<group>"; };
		D093CD3511FC62A5000B51D8 /* EFImageScrollView.m */ = {isa = PBXFileReference; fileEncoding = 4; lastKnownFileType = sourcecode.c.objc; path = EFImageScrollView.m; sourceTree = "<group>"; };
		D09C2F96132B821D00D3B57F /* EFNumberFieldSpecifierCell.h */ = {isa = PBXFileReference; fileEncoding = 4; lastKnownFileType = sourcecode.c.h; path = EFNumberFieldSpecifierCell.h; sourceTree = "<group>"; };
		D09C2F97132B821D00D3B57F /* EFNumberFieldSpecifierCell.m */ = {isa = PBXFileReference; fileEncoding = 4; lastKnownFileType = sourcecode.c.objc; path = EFNumberFieldSpecifierCell.m; sourceTree = "<group>"; };
		D0BD8B56120EDA7E0034356B /* EFImageZoomView.h */ = {isa = PBXFileReference; fileEncoding = 4; lastKnownFileType = sourcecode.c.h; path = EFImageZoomView.h; sourceTree = "<group>"; };
		D0BD8B57120EDA7E0034356B /* EFImageZoomView.m */ = {isa = PBXFileReference; fileEncoding = 4; lastKnownFileType = sourcecode.c.objc; path = EFImageZoomView.m; sourceTree = "<group>"; };
		D0E248BD125B2DE800C78A2D /* EFFastTiledLayer.h */ = {isa = PBXFileReference; fileEncoding = 4; lastKnownFileType = sourcecode.c.h; path = EFFastTiledLayer.h; sourceTree = "<group>"; };
		D0E248BE125B2DE800C78A2D /* EFFastTiledLayer.m */ = {isa = PBXFileReference; fileEncoding = 4; lastKnownFileType = sourcecode.c.objc; path = EFFastTiledLayer.m; sourceTree = "<group>"; };
		D0E248BF125B2DE800C78A2D /* EFTilingView.h */ = {isa = PBXFileReference; fileEncoding = 4; lastKnownFileType = sourcecode.c.h; path = EFTilingView.h; sourceTree = "<group>"; };
		D0E248C0125B2DE800C78A2D /* EFTilingView.m */ = {isa = PBXFileReference; fileEncoding = 4; lastKnownFileType = sourcecode.c.objc; path = EFTilingView.m; sourceTree = "<group>"; };
		D0E5223F1320DC9A00426493 /* EFTokenExchangeClient.h */ = {isa = PBXFileReference; fileEncoding = 4; lastKnownFileType = sourcecode.c.h; path = EFTokenExchangeClient.h; sourceTree = "<group>"; };
		D0E522401320DC9A00426493 /* EFTokenExchangeClient.m */ = {isa = PBXFileReference; fileEncoding = 4; lastKnownFileType = sourcecode.c.objc; path = EFTokenExchangeClient.m; sourceTree = "<group>"; };
		D0E5224D1320DD5300426493 /* NSData+Hex.h */ = {isa = PBXFileReference; fileEncoding = 4; lastKnownFileType = sourcecode.c.h; path = "NSData+Hex.h"; sourceTree = "<group>"; };
		D0E5224E1320DD5300426493 /* NSData+Hex.m */ = {isa = PBXFileReference; fileEncoding = 4; lastKnownFileType = sourcecode.c.objc; path = "NSData+Hex.m"; sourceTree = "<group>"; };
/* End PBXFileReference section */

/* Begin PBXFrameworksBuildPhase section */
		D067DCED11FB130E0047EFAA /* Frameworks */ = {
			isa = PBXFrameworksBuildPhase;
			buildActionMask = 2147483647;
			files = (
				D06F7B08138537B1003B5A31 /* UIKit.framework in Frameworks */,
				D06F7B05138537A1003B5A31 /* QuartzCore.framework in Frameworks */,
				D089C6011327D629000A54F5 /* CoreData.framework in Frameworks */,
				D067DCF311FB130E0047EFAA /* Foundation.framework in Frameworks */,
				923CDE2B123A963900247AD5 /* SystemConfiguration.framework in Frameworks */,
			);
			runOnlyForDeploymentPostprocessing = 0;
		};
/* End PBXFrameworksBuildPhase section */

/* Begin PBXGroup section */
		923CDD81123A8CDC00247AD5 /* Net */ = {
			isa = PBXGroup;
			children = (
				923CDDA6123A8F0A00247AD5 /* EFReachability.h */,
				923CDDA7123A8F0A00247AD5 /* EFReachability.m */,
				923CDD74123A8CC300247AD5 /* EFDownload.h */,
				923CDD75123A8CC300247AD5 /* EFDownload.m */,
				923CDD76123A8CC300247AD5 /* EFDownloadQueue.h */,
				923CDD77123A8CC300247AD5 /* EFDownloadQueue.m */,
				D0E5223F1320DC9A00426493 /* EFTokenExchangeClient.h */,
				D0E522401320DC9A00426493 /* EFTokenExchangeClient.m */,
			);
			name = Net;
			sourceTree = "<group>";
		};
		D03265AC129D4245004143A3 /* Settings */ = {
			isa = PBXGroup;
			children = (
				D073A90B13299744004FA0AA /* Specifiers */,
				D02372D0132911D800B77A44 /* EFSettingsView.h */,
				D02372D1132911D800B77A44 /* EFSettingsView.m */,
				D02372D9132925AC00B77A44 /* EFSettingsViewModel.h */,
				D02372DA132925B200B77A44 /* EFSettingsViewModel.m */,
			);
			name = Settings;
			sourceTree = "<group>";
		};
		D067DCE211FB130E0047EFAA = {
			isa = PBXGroup;
			children = (
				D067DCE911FB130E0047EFAA /* Classes */,
				D067DCEA11FB130E0047EFAA /* Other Sources */,
				D067DCEB11FB130E0047EFAA /* Frameworks */,
				D067DCF111FB130E0047EFAA /* Products */,
			);
			sourceTree = "<group>";
		};
		D067DCE911FB130E0047EFAA /* Classes */ = {
			isa = PBXGroup;
			children = (
				D0FA0088132CDC0D00BAF5C2 /* External */,
				D089C5FA1327D3AB000A54F5 /* Data */,
				923CDD81123A8CDC00247AD5 /* Net */,
				D093CD3211FC627B000B51D8 /* UI */,
			);
			path = Classes;
			sourceTree = "<group>";
		};
		D067DCEA11FB130E0047EFAA /* Other Sources */ = {
			isa = PBXGroup;
			children = (
				D067DCF411FB130E0047EFAA /* Egeniq_Prefix.pch */,
			);
			name = "Other Sources";
			sourceTree = "<group>";
		};
		D067DCEB11FB130E0047EFAA /* Frameworks */ = {
			isa = PBXGroup;
			children = (
				D06F7B07138537B1003B5A31 /* UIKit.framework */,
				D06F7B04138537A1003B5A31 /* QuartzCore.framework */,
				D089C6001327D629000A54F5 /* CoreData.framework */,
				923CDE2A123A963800247AD5 /* SystemConfiguration.framework */,
				D067DCF211FB130E0047EFAA /* Foundation.framework */,
			);
			name = Frameworks;
			sourceTree = "<group>";
		};
		D067DCF111FB130E0047EFAA /* Products */ = {
			isa = PBXGroup;
			children = (
				D067DCF011FB130E0047EFAA /* libEgeniq.a */,
			);
			name = Products;
			sourceTree = "<group>";
		};
		D073A90B13299744004FA0AA /* Specifiers */ = {
			isa = PBXGroup;
			children = (
				D03265B1129D427C004143A3 /* EFSpecifierCell.h */,
				D03265B2129D427C004143A3 /* EFSpecifierCell.m */,
				D03265B3129D427C004143A3 /* EFTextFieldSpecifierCell.h */,
				D03265B4129D427C004143A3 /* EFTextFieldSpecifierCell.m */,
				D09C2F96132B821D00D3B57F /* EFNumberFieldSpecifierCell.h */,
				D09C2F97132B821D00D3B57F /* EFNumberFieldSpecifierCell.m */,
				D03265B5129D427C004143A3 /* EFToggleSwitchSpecifierCell.h */,
				D03265B6129D427C004143A3 /* EFToggleSwitchSpecifierCell.m */,
				D03265B7129D427C004143A3 /* EFMultiValueSpecifierCell.h */,
				D03265B8129D427C004143A3 /* EFMultiValueSpecifierCell.m */,
				D0937B8B12A50B29000E050E /* EFSliderSpecifierCell.h */,
				D0937B8C12A50B29000E050E /* EFSliderSpecifierCell.m */,
				D073A90613299739004FA0AA /* EFDummySpecifierCell.h */,
				D073A90713299739004FA0AA /* EFDummySpecifierCell.m */,
			);
			name = Specifiers;
			sourceTree = "<group>";
		};
		D089C5FA1327D3AB000A54F5 /* Data */ = {
			isa = PBXGroup;
			children = (
				D089C5FC1327D3B8000A54F5 /* EFDataSource.h */,
				D09051AD1341CE590054CBE8 /* EFDataSource-Protected.h */,
				D089C5FD1327D3B8000A54F5 /* EFDataSource.m */,
			);
			name = Data;
			sourceTree = "<group>";
		};
		D093CD3211FC627B000B51D8 /* UI */ = {
			isa = PBXGroup;
			children = (
				D093CD3311FC6284000B51D8 /* Image */,
				D03265AC129D4245004143A3 /* Settings */,
				923CDD78123A8CC300247AD5 /* EFNibViewController.h */,
				923CDD79123A8CC300247AD5 /* EFNibViewController.m */,
			);
			name = UI;
			sourceTree = "<group>";
		};
		D093CD3311FC6284000B51D8 /* Image */ = {
			isa = PBXGroup;
			children = (
				D0BD8B5A120EDAB10034356B /* Private */,
				D011F504120C85E400A07E28 /* EFImage.h */,
				D011F500120C827700A07E28 /* EFImageViewDataSource.h */,
				D011F502120C839000A07E28 /* EFImageViewDelegate.h */,
				D093CD3411FC62A5000B51D8 /* EFImageScrollView.h */,
				D093CD3511FC62A5000B51D8 /* EFImageScrollView.m */,
				D0826FBC122BD17E003EE4E6 /* EFImageView.h */,
				D0826FBD122BD17E003EE4E6 /* EFImageView.m */,
				D023E581123EA0B800389738 /* EFImageTableView.h */,
				D023E582123EA0B800389738 /* EFImageTableView.m */,
			);
			name = Image;
			sourceTree = "<group>";
		};
		D0BD8B5A120EDAB10034356B /* Private */ = {
			isa = PBXGroup;
			children = (
				D0E248BD125B2DE800C78A2D /* EFFastTiledLayer.h */,
				D0E248BE125B2DE800C78A2D /* EFFastTiledLayer.m */,
				D0E248BF125B2DE800C78A2D /* EFTilingView.h */,
				D0E248C0125B2DE800C78A2D /* EFTilingView.m */,
				D0BD8B56120EDA7E0034356B /* EFImageZoomView.h */,
				D0BD8B57120EDA7E0034356B /* EFImageZoomView.m */,
			);
			name = Private;
			sourceTree = "<group>";
		};
		D0FA0088132CDC0D00BAF5C2 /* External */ = {
			isa = PBXGroup;
			children = (
				D0E5224D1320DD5300426493 /* NSData+Hex.h */,
				D0E5224E1320DD5300426493 /* NSData+Hex.m */,
			);
			name = External;
			sourceTree = "<group>";
		};
/* End PBXGroup section */

/* Begin PBXHeadersBuildPhase section */
		D067DCEE11FB130E0047EFAA /* Headers */ = {
			isa = PBXHeadersBuildPhase;
			buildActionMask = 2147483647;
			files = (
				D093CD3611FC62A5000B51D8 /* EFImageScrollView.h in Headers */,
				D011F501120C827700A07E28 /* EFImageViewDataSource.h in Headers */,
				D011F503120C839000A07E28 /* EFImageViewDelegate.h in Headers */,
				D011F505120C85E400A07E28 /* EFImage.h in Headers */,
				D0BD8B58120EDA7E0034356B /* EFImageZoomView.h in Headers */,
				D0826FBE122BD17E003EE4E6 /* EFImageView.h in Headers */,
				923CDD7A123A8CC300247AD5 /* EFDownload.h in Headers */,
				923CDD7C123A8CC300247AD5 /* EFDownloadQueue.h in Headers */,
				923CDD7E123A8CC300247AD5 /* EFNibViewController.h in Headers */,
				923CDDA8123A8F0A00247AD5 /* EFReachability.h in Headers */,
				D023E583123EA0B800389738 /* EFImageTableView.h in Headers */,
				D0E248C1125B2DE800C78A2D /* EFFastTiledLayer.h in Headers */,
				D0E248C3125B2DE800C78A2D /* EFTilingView.h in Headers */,
				D03265BB129D427C004143A3 /* EFSpecifierCell.h in Headers */,
				D03265BD129D427C004143A3 /* EFTextFieldSpecifierCell.h in Headers */,
				D03265BF129D427C004143A3 /* EFToggleSwitchSpecifierCell.h in Headers */,
				D03265C1129D427C004143A3 /* EFMultiValueSpecifierCell.h in Headers */,
				D0937B8D12A50B29000E050E /* EFSliderSpecifierCell.h in Headers */,
				D0E522411320DC9A00426493 /* EFTokenExchangeClient.h in Headers */,
				D0E5224F1320DD5300426493 /* NSData+Hex.h in Headers */,
				D089C5FE1327D3B8000A54F5 /* EFDataSource.h in Headers */,
				D02372D2132911D800B77A44 /* EFSettingsView.h in Headers */,
				D02372DB132925B500B77A44 /* EFSettingsViewModel.h in Headers */,
				D073A90813299739004FA0AA /* EFDummySpecifierCell.h in Headers */,
				D09C2F98132B821D00D3B57F /* EFNumberFieldSpecifierCell.h in Headers */,
				D09051AE1341CE590054CBE8 /* EFDataSource-Protected.h in Headers */,
			);
			runOnlyForDeploymentPostprocessing = 0;
		};
/* End PBXHeadersBuildPhase section */

/* Begin PBXNativeTarget section */
		D067DCEF11FB130E0047EFAA /* Egeniq */ = {
			isa = PBXNativeTarget;
			buildConfigurationList = D067DCF711FB130E0047EFAA /* Build configuration list for PBXNativeTarget "Egeniq" */;
			buildPhases = (
				D067DCEC11FB130E0047EFAA /* Sources */,
				D067DCED11FB130E0047EFAA /* Frameworks */,
				D067DCEE11FB130E0047EFAA /* Headers */,
			);
			buildRules = (
			);
			dependencies = (
			);
			name = Egeniq;
			productName = Egeniq;
			productReference = D067DCF011FB130E0047EFAA /* libEgeniq.a */;
			productType = "com.apple.product-type.library.static";
		};
/* End PBXNativeTarget section */

/* Begin PBXProject section */
		D067DCE411FB130E0047EFAA /* Project object */ = {
			isa = PBXProject;
			attributes = {
				ORGANIZATIONNAME = Egeniq;
			};
			buildConfigurationList = D067DCE711FB130E0047EFAA /* Build configuration list for PBXProject "Egeniq" */;
			compatibilityVersion = "Xcode 3.2";
			developmentRegion = English;
			hasScannedForEncodings = 0;
			knownRegions = (
				en,
			);
			mainGroup = D067DCE211FB130E0047EFAA;
			productRefGroup = D067DCF111FB130E0047EFAA /* Products */;
			projectDirPath = "";
			projectRoot = "";
			targets = (
				D067DCEF11FB130E0047EFAA /* Egeniq */,
			);
		};
/* End PBXProject section */

/* Begin PBXSourcesBuildPhase section */
		D067DCEC11FB130E0047EFAA /* Sources */ = {
			isa = PBXSourcesBuildPhase;
			buildActionMask = 2147483647;
			files = (
				D093CD3711FC62A5000B51D8 /* EFImageScrollView.m in Sources */,
				D0BD8B59120EDA7E0034356B /* EFImageZoomView.m in Sources */,
				D0826FBF122BD17E003EE4E6 /* EFImageView.m in Sources */,
				923CDD7B123A8CC300247AD5 /* EFDownload.m in Sources */,
				923CDD7D123A8CC300247AD5 /* EFDownloadQueue.m in Sources */,
				923CDD7F123A8CC300247AD5 /* EFNibViewController.m in Sources */,
				923CDDA9123A8F0A00247AD5 /* EFReachability.m in Sources */,
				D023E584123EA0B800389738 /* EFImageTableView.m in Sources */,
				D0E248C2125B2DE800C78A2D /* EFFastTiledLayer.m in Sources */,
				D0E248C4125B2DE800C78A2D /* EFTilingView.m in Sources */,
				D03265BC129D427C004143A3 /* EFSpecifierCell.m in Sources */,
				D03265BE129D427C004143A3 /* EFTextFieldSpecifierCell.m in Sources */,
				D03265C0129D427C004143A3 /* EFToggleSwitchSpecifierCell.m in Sources */,
				D03265C2129D427C004143A3 /* EFMultiValueSpecifierCell.m in Sources */,
				D0937B8E12A50B29000E050E /* EFSliderSpecifierCell.m in Sources */,
				D0E522421320DC9A00426493 /* EFTokenExchangeClient.m in Sources */,
				D0E522501320DD5300426493 /* NSData+Hex.m in Sources */,
				D089C5FF1327D3B8000A54F5 /* EFDataSource.m in Sources */,
				D02372D3132911D800B77A44 /* EFSettingsView.m in Sources */,
				D02372DC132925B500B77A44 /* EFSettingsViewModel.m in Sources */,
				D073A90913299739004FA0AA /* EFDummySpecifierCell.m in Sources */,
				D09C2F99132B821D00D3B57F /* EFNumberFieldSpecifierCell.m in Sources */,
			);
			runOnlyForDeploymentPostprocessing = 0;
		};
/* End PBXSourcesBuildPhase section */

/* Begin XCBuildConfiguration section */
		D067DCF511FB130E0047EFAA /* Debug */ = {
			isa = XCBuildConfiguration;
			buildSettings = {
				ARCHS = "$(ARCHS_STANDARD_32_BIT)";
				IPHONEOS_DEPLOYMENT_TARGET = 3.0;
				PREBINDING = NO;
				SDKROOT = iphoneos;
				SKIP_INSTALL = YES;
			};
			name = Debug;
		};
		D067DCF611FB130E0047EFAA /* Release */ = {
			isa = XCBuildConfiguration;
			buildSettings = {
				ARCHS = "$(ARCHS_STANDARD_32_BIT)";
				IPHONEOS_DEPLOYMENT_TARGET = 3.0;
				PREBINDING = NO;
				SDKROOT = iphoneos;
				SKIP_INSTALL = YES;
			};
			name = Release;
		};
		D067DCF811FB130E0047EFAA /* Debug */ = {
			isa = XCBuildConfiguration;
			buildSettings = {
				ALWAYS_SEARCH_USER_PATHS = NO;
				ARCHS = "$(ARCHS_STANDARD_32_BIT)";
				DSTROOT = /tmp/Egeniq.dst;
				GCC_C_LANGUAGE_STANDARD = c99;
				GCC_PRECOMPILE_PREFIX_HEADER = YES;
				GCC_PREFIX_HEADER = Egeniq_Prefix.pch;
				INSTALL_PATH = /usr/local/lib;
				PRODUCT_NAME = Egeniq;
				SDKROOT = iphoneos;
			};
			name = Debug;
		};
		D067DCF911FB130E0047EFAA /* Release */ = {
			isa = XCBuildConfiguration;
			buildSettings = {
				ALWAYS_SEARCH_USER_PATHS = NO;
				ARCHS = "$(ARCHS_STANDARD_32_BIT)";
				DSTROOT = /tmp/Egeniq.dst;
				GCC_C_LANGUAGE_STANDARD = c99;
				GCC_PRECOMPILE_PREFIX_HEADER = YES;
				GCC_PREFIX_HEADER = Egeniq_Prefix.pch;
				INSTALL_PATH = /usr/local/lib;
				PRODUCT_NAME = Egeniq;
				SDKROOT = iphoneos;
			};
			name = Release;
		};
/* End XCBuildConfiguration section */

/* Begin XCConfigurationList section */
		D067DCE711FB130E0047EFAA /* Build configuration list for PBXProject "Egeniq" */ = {
			isa = XCConfigurationList;
			buildConfigurations = (
				D067DCF511FB130E0047EFAA /* Debug */,
				D067DCF611FB130E0047EFAA /* Release */,
			);
			defaultConfigurationIsVisible = 0;
			defaultConfigurationName = Release;
		};
		D067DCF711FB130E0047EFAA /* Build configuration list for PBXNativeTarget "Egeniq" */ = {
			isa = XCConfigurationList;
			buildConfigurations = (
				D067DCF811FB130E0047EFAA /* Debug */,
				D067DCF911FB130E0047EFAA /* Release */,
			);
			defaultConfigurationIsVisible = 0;
			defaultConfigurationName = Release;
		};
/* End XCConfigurationList section */
	};
	rootObject = D067DCE411FB130E0047EFAA /* Project object */;
}
